// !$*UTF8*$!
{
	archiveVersion = 1;
	classes = {
	};
	objectVersion = 56;
	objects = {

/* Begin PBXBuildFile section */
		9006964E2AF68B0800ED167C /* AppDelegate.swift in Sources */ = {isa = PBXBuildFile; fileRef = 9006964D2AF68B0800ED167C /* AppDelegate.swift */; };
		900696502AF68B0800ED167C /* SceneDelegate.swift in Sources */ = {isa = PBXBuildFile; fileRef = 9006964F2AF68B0800ED167C /* SceneDelegate.swift */; };
		900696522AF68B0800ED167C /* DrawingViewController.swift in Sources */ = {isa = PBXBuildFile; fileRef = 900696512AF68B0800ED167C /* DrawingViewController.swift */; };
		900696552AF68B0800ED167C /* Main.storyboard in Resources */ = {isa = PBXBuildFile; fileRef = 900696532AF68B0800ED167C /* Main.storyboard */; };
		900696572AF68B0800ED167C /* Assets.xcassets in Resources */ = {isa = PBXBuildFile; fileRef = 900696562AF68B0800ED167C /* Assets.xcassets */; };
		9006965A2AF68B0800ED167C /* LaunchScreen.storyboard in Resources */ = {isa = PBXBuildFile; fileRef = 900696582AF68B0800ED167C /* LaunchScreen.storyboard */; };
		900696652AF68B0800ED167C /* drawing_appTests.swift in Sources */ = {isa = PBXBuildFile; fileRef = 900696642AF68B0800ED167C /* drawing_appTests.swift */; };
		9006966F2AF68B0900ED167C /* drawing_appUITests.swift in Sources */ = {isa = PBXBuildFile; fileRef = 9006966E2AF68B0900ED167C /* drawing_appUITests.swift */; };
		900696712AF68B0900ED167C /* drawing_appUITestsLaunchTests.swift in Sources */ = {isa = PBXBuildFile; fileRef = 900696702AF68B0900ED167C /* drawing_appUITestsLaunchTests.swift */; };
		900696802AF68C1A00ED167C /* DrawingViewModel.swift in Sources */ = {isa = PBXBuildFile; fileRef = 9006967F2AF68C1A00ED167C /* DrawingViewModel.swift */; };
		900696822AF9226700ED167C /* CanvasButton.swift in Sources */ = {isa = PBXBuildFile; fileRef = 900696812AF9226700ED167C /* CanvasButton.swift */; };
		900696862AF929B700ED167C /* Square.swift in Sources */ = {isa = PBXBuildFile; fileRef = 900696852AF929B700ED167C /* Square.swift */; };
		9006968A2AFA7CFD00ED167C /* Color.swift in Sources */ = {isa = PBXBuildFile; fileRef = 900696892AFA7CFD00ED167C /* Color.swift */; };
		9006968C2AFA81E900ED167C /* SquareFactory.swift in Sources */ = {isa = PBXBuildFile; fileRef = 9006968B2AFA81E900ED167C /* SquareFactory.swift */; };
		900696932AFA91C200ED167C /* SquareFactoryImpl.swift in Sources */ = {isa = PBXBuildFile; fileRef = 900696922AFA91C200ED167C /* SquareFactoryImpl.swift */; };
		900696952AFA929D00ED167C /* Drawable.swift in Sources */ = {isa = PBXBuildFile; fileRef = 900696942AFA929D00ED167C /* Drawable.swift */; };
		900696972AFA960500ED167C /* CanvasView.swift in Sources */ = {isa = PBXBuildFile; fileRef = 900696962AFA960500ED167C /* CanvasView.swift */; };
		9006969A2AFBC78600ED167C /* Constants.swift in Sources */ = {isa = PBXBuildFile; fileRef = 900696992AFBC78600ED167C /* Constants.swift */; };
/* End PBXBuildFile section */

/* Begin PBXContainerItemProxy section */
		900696612AF68B0800ED167C /* PBXContainerItemProxy */ = {
			isa = PBXContainerItemProxy;
			containerPortal = 900696422AF68B0800ED167C /* Project object */;
			proxyType = 1;
			remoteGlobalIDString = 900696492AF68B0800ED167C;
			remoteInfo = "drawing-app";
		};
		9006966B2AF68B0900ED167C /* PBXContainerItemProxy */ = {
			isa = PBXContainerItemProxy;
			containerPortal = 900696422AF68B0800ED167C /* Project object */;
			proxyType = 1;
			remoteGlobalIDString = 900696492AF68B0800ED167C;
			remoteInfo = "drawing-app";
		};
/* End PBXContainerItemProxy section */

/* Begin PBXFileReference section */
		9006964A2AF68B0800ED167C /* drawing-app.app */ = {isa = PBXFileReference; explicitFileType = wrapper.application; includeInIndex = 0; path = "drawing-app.app"; sourceTree = BUILT_PRODUCTS_DIR; };
		9006964D2AF68B0800ED167C /* AppDelegate.swift */ = {isa = PBXFileReference; lastKnownFileType = sourcecode.swift; path = AppDelegate.swift; sourceTree = "<group>"; };
		9006964F2AF68B0800ED167C /* SceneDelegate.swift */ = {isa = PBXFileReference; lastKnownFileType = sourcecode.swift; path = SceneDelegate.swift; sourceTree = "<group>"; };
		900696512AF68B0800ED167C /* DrawingViewController.swift */ = {isa = PBXFileReference; lastKnownFileType = sourcecode.swift; path = DrawingViewController.swift; sourceTree = "<group>"; };
		900696542AF68B0800ED167C /* Base */ = {isa = PBXFileReference; lastKnownFileType = file.storyboard; name = Base; path = Base.lproj/Main.storyboard; sourceTree = "<group>"; };
		900696562AF68B0800ED167C /* Assets.xcassets */ = {isa = PBXFileReference; lastKnownFileType = folder.assetcatalog; path = Assets.xcassets; sourceTree = "<group>"; };
		900696592AF68B0800ED167C /* Base */ = {isa = PBXFileReference; lastKnownFileType = file.storyboard; name = Base; path = Base.lproj/LaunchScreen.storyboard; sourceTree = "<group>"; };
		9006965B2AF68B0800ED167C /* Info.plist */ = {isa = PBXFileReference; lastKnownFileType = text.plist.xml; path = Info.plist; sourceTree = "<group>"; };
		900696602AF68B0800ED167C /* drawing-appTests.xctest */ = {isa = PBXFileReference; explicitFileType = wrapper.cfbundle; includeInIndex = 0; path = "drawing-appTests.xctest"; sourceTree = BUILT_PRODUCTS_DIR; };
		900696642AF68B0800ED167C /* drawing_appTests.swift */ = {isa = PBXFileReference; lastKnownFileType = sourcecode.swift; path = drawing_appTests.swift; sourceTree = "<group>"; };
		9006966A2AF68B0900ED167C /* drawing-appUITests.xctest */ = {isa = PBXFileReference; explicitFileType = wrapper.cfbundle; includeInIndex = 0; path = "drawing-appUITests.xctest"; sourceTree = BUILT_PRODUCTS_DIR; };
		9006966E2AF68B0900ED167C /* drawing_appUITests.swift */ = {isa = PBXFileReference; lastKnownFileType = sourcecode.swift; path = drawing_appUITests.swift; sourceTree = "<group>"; };
		900696702AF68B0900ED167C /* drawing_appUITestsLaunchTests.swift */ = {isa = PBXFileReference; lastKnownFileType = sourcecode.swift; path = drawing_appUITestsLaunchTests.swift; sourceTree = "<group>"; };
		9006967F2AF68C1A00ED167C /* DrawingViewModel.swift */ = {isa = PBXFileReference; lastKnownFileType = sourcecode.swift; path = DrawingViewModel.swift; sourceTree = "<group>"; };
		900696812AF9226700ED167C /* CanvasButton.swift */ = {isa = PBXFileReference; lastKnownFileType = sourcecode.swift; path = CanvasButton.swift; sourceTree = "<group>"; };
		900696852AF929B700ED167C /* Square.swift */ = {isa = PBXFileReference; lastKnownFileType = sourcecode.swift; path = Square.swift; sourceTree = "<group>"; };
		900696892AFA7CFD00ED167C /* Color.swift */ = {isa = PBXFileReference; lastKnownFileType = sourcecode.swift; path = Color.swift; sourceTree = "<group>"; };
		9006968B2AFA81E900ED167C /* SquareFactory.swift */ = {isa = PBXFileReference; lastKnownFileType = sourcecode.swift; path = SquareFactory.swift; sourceTree = "<group>"; };
		900696922AFA91C200ED167C /* SquareFactoryImpl.swift */ = {isa = PBXFileReference; lastKnownFileType = sourcecode.swift; path = SquareFactoryImpl.swift; sourceTree = "<group>"; };
		900696942AFA929D00ED167C /* Drawable.swift */ = {isa = PBXFileReference; lastKnownFileType = sourcecode.swift; path = Drawable.swift; sourceTree = "<group>"; };
		900696962AFA960500ED167C /* CanvasView.swift */ = {isa = PBXFileReference; lastKnownFileType = sourcecode.swift; path = CanvasView.swift; sourceTree = "<group>"; };
		900696992AFBC78600ED167C /* Constants.swift */ = {isa = PBXFileReference; lastKnownFileType = sourcecode.swift; path = Constants.swift; sourceTree = "<group>"; };
/* End PBXFileReference section */

/* Begin PBXFrameworksBuildPhase section */
		900696472AF68B0800ED167C /* Frameworks */ = {
			isa = PBXFrameworksBuildPhase;
			buildActionMask = 2147483647;
			files = (
			);
			runOnlyForDeploymentPostprocessing = 0;
		};
		9006965D2AF68B0800ED167C /* Frameworks */ = {
			isa = PBXFrameworksBuildPhase;
			buildActionMask = 2147483647;
			files = (
			);
			runOnlyForDeploymentPostprocessing = 0;
		};
		900696672AF68B0900ED167C /* Frameworks */ = {
			isa = PBXFrameworksBuildPhase;
			buildActionMask = 2147483647;
			files = (
			);
			runOnlyForDeploymentPostprocessing = 0;
		};
/* End PBXFrameworksBuildPhase section */

/* Begin PBXGroup section */
		900696412AF68B0800ED167C = {
			isa = PBXGroup;
			children = (
				9006964C2AF68B0800ED167C /* drawing-app */,
				900696632AF68B0800ED167C /* drawing-appTests */,
				9006966D2AF68B0900ED167C /* drawing-appUITests */,
				9006964B2AF68B0800ED167C /* Products */,
			);
			sourceTree = "<group>";
		};
		9006964B2AF68B0800ED167C /* Products */ = {
			isa = PBXGroup;
			children = (
				9006964A2AF68B0800ED167C /* drawing-app.app */,
				900696602AF68B0800ED167C /* drawing-appTests.xctest */,
				9006966A2AF68B0900ED167C /* drawing-appUITests.xctest */,
			);
			name = Products;
			sourceTree = "<group>";
		};
		9006964C2AF68B0800ED167C /* drawing-app */ = {
			isa = PBXGroup;
			children = (
				9006967E2AF68B7C00ED167C /* Application */,
				900696902AFA912000ED167C /* Domain */,
				900696982AFBC6DF00ED167C /* Extension */,
				9006968D2AFA90F300ED167C /* Presentation */,
				9006967D2AF68B6100ED167C /* Resource */,
				9006969B2AFBC8AB00ED167C /* Util */,
			);
			path = "drawing-app";
			sourceTree = "<group>";
		};
		900696632AF68B0800ED167C /* drawing-appTests */ = {
			isa = PBXGroup;
			children = (
				900696642AF68B0800ED167C /* drawing_appTests.swift */,
			);
			path = "drawing-appTests";
			sourceTree = "<group>";
		};
		9006966D2AF68B0900ED167C /* drawing-appUITests */ = {
			isa = PBXGroup;
			children = (
				9006966E2AF68B0900ED167C /* drawing_appUITests.swift */,
				900696702AF68B0900ED167C /* drawing_appUITestsLaunchTests.swift */,
			);
			path = "drawing-appUITests";
			sourceTree = "<group>";
		};
		9006967D2AF68B6100ED167C /* Resource */ = {
			isa = PBXGroup;
			children = (
				900696562AF68B0800ED167C /* Assets.xcassets */,
				900696582AF68B0800ED167C /* LaunchScreen.storyboard */,
				900696532AF68B0800ED167C /* Main.storyboard */,
				9006965B2AF68B0800ED167C /* Info.plist */,
			);
			path = Resource;
			sourceTree = "<group>";
		};
		9006967E2AF68B7C00ED167C /* Application */ = {
			isa = PBXGroup;
			children = (
				9006964D2AF68B0800ED167C /* AppDelegate.swift */,
				9006964F2AF68B0800ED167C /* SceneDelegate.swift */,
			);
			path = Application;
			sourceTree = "<group>";
		};
		900696872AF92AC800ED167C /* Entity */ = {
			isa = PBXGroup;
			children = (
				900696942AFA929D00ED167C /* Drawable.swift */,
				900696852AF929B700ED167C /* Square.swift */,
			);
			path = Entity;
			sourceTree = "<group>";
		};
		9006968D2AFA90F300ED167C /* Presentation */ = {
			isa = PBXGroup;
			children = (
				9006968E2AFA910E00ED167C /* View */,
				9006968F2AFA911200ED167C /* ViewModel */,
			);
			path = Presentation;
			sourceTree = "<group>";
		};
		9006968E2AFA910E00ED167C /* View */ = {
			isa = PBXGroup;
			children = (
				900696812AF9226700ED167C /* CanvasButton.swift */,
				900696962AFA960500ED167C /* CanvasView.swift */,
				900696512AF68B0800ED167C /* DrawingViewController.swift */,
			);
			path = View;
			sourceTree = "<group>";
		};
		9006968F2AFA911200ED167C /* ViewModel */ = {
			isa = PBXGroup;
			children = (
				9006967F2AF68C1A00ED167C /* DrawingViewModel.swift */,
			);
			path = ViewModel;
			sourceTree = "<group>";
		};
		900696902AFA912000ED167C /* Domain */ = {
			isa = PBXGroup;
			children = (
				900696872AF92AC800ED167C /* Entity */,
				900696912AFA917C00ED167C /* UseCase */,
			);
			path = Domain;
			sourceTree = "<group>";
		};
		900696912AFA917C00ED167C /* UseCase */ = {
			isa = PBXGroup;
			children = (
				9006968B2AFA81E900ED167C /* SquareFactory.swift */,
				900696922AFA91C200ED167C /* SquareFactoryImpl.swift */,
			);
			path = UseCase;
			sourceTree = "<group>";
		};
		900696982AFBC6DF00ED167C /* Extension */ = {
			isa = PBXGroup;
			children = (
				900696892AFA7CFD00ED167C /* Color.swift */,
			);
			path = Extension;
			sourceTree = "<group>";
		};
		9006969B2AFBC8AB00ED167C /* Util */ = {
			isa = PBXGroup;
			children = (
				900696992AFBC78600ED167C /* Constants.swift */,
			);
			path = Util;
			sourceTree = "<group>";
		};
/* End PBXGroup section */

/* Begin PBXNativeTarget section */
		900696492AF68B0800ED167C /* drawing-app */ = {
			isa = PBXNativeTarget;
			buildConfigurationList = 900696742AF68B0900ED167C /* Build configuration list for PBXNativeTarget "drawing-app" */;
			buildPhases = (
				900696462AF68B0800ED167C /* Sources */,
				900696472AF68B0800ED167C /* Frameworks */,
				900696482AF68B0800ED167C /* Resources */,
			);
			buildRules = (
			);
			dependencies = (
			);
			name = "drawing-app";
			productName = "drawing-app";
			productReference = 9006964A2AF68B0800ED167C /* drawing-app.app */;
			productType = "com.apple.product-type.application";
		};
		9006965F2AF68B0800ED167C /* drawing-appTests */ = {
			isa = PBXNativeTarget;
			buildConfigurationList = 900696772AF68B0900ED167C /* Build configuration list for PBXNativeTarget "drawing-appTests" */;
			buildPhases = (
				9006965C2AF68B0800ED167C /* Sources */,
				9006965D2AF68B0800ED167C /* Frameworks */,
				9006965E2AF68B0800ED167C /* Resources */,
			);
			buildRules = (
			);
			dependencies = (
				900696622AF68B0800ED167C /* PBXTargetDependency */,
			);
			name = "drawing-appTests";
			productName = "drawing-appTests";
			productReference = 900696602AF68B0800ED167C /* drawing-appTests.xctest */;
			productType = "com.apple.product-type.bundle.unit-test";
		};
		900696692AF68B0900ED167C /* drawing-appUITests */ = {
			isa = PBXNativeTarget;
			buildConfigurationList = 9006967A2AF68B0900ED167C /* Build configuration list for PBXNativeTarget "drawing-appUITests" */;
			buildPhases = (
				900696662AF68B0900ED167C /* Sources */,
				900696672AF68B0900ED167C /* Frameworks */,
				900696682AF68B0900ED167C /* Resources */,
			);
			buildRules = (
			);
			dependencies = (
				9006966C2AF68B0900ED167C /* PBXTargetDependency */,
			);
			name = "drawing-appUITests";
			productName = "drawing-appUITests";
			productReference = 9006966A2AF68B0900ED167C /* drawing-appUITests.xctest */;
			productType = "com.apple.product-type.bundle.ui-testing";
		};
/* End PBXNativeTarget section */

/* Begin PBXProject section */
		900696422AF68B0800ED167C /* Project object */ = {
			isa = PBXProject;
			attributes = {
				BuildIndependentTargetsInParallel = 1;
				LastSwiftUpdateCheck = 1430;
				LastUpgradeCheck = 1430;
				TargetAttributes = {
					900696492AF68B0800ED167C = {
						CreatedOnToolsVersion = 14.3.1;
					};
					9006965F2AF68B0800ED167C = {
						CreatedOnToolsVersion = 14.3.1;
						TestTargetID = 900696492AF68B0800ED167C;
					};
					900696692AF68B0900ED167C = {
						CreatedOnToolsVersion = 14.3.1;
						TestTargetID = 900696492AF68B0800ED167C;
					};
				};
			};
			buildConfigurationList = 900696452AF68B0800ED167C /* Build configuration list for PBXProject "drawing-app" */;
			compatibilityVersion = "Xcode 14.0";
			developmentRegion = en;
			hasScannedForEncodings = 0;
			knownRegions = (
				en,
				Base,
			);
			mainGroup = 900696412AF68B0800ED167C;
			productRefGroup = 9006964B2AF68B0800ED167C /* Products */;
			projectDirPath = "";
			projectRoot = "";
			targets = (
				900696492AF68B0800ED167C /* drawing-app */,
				9006965F2AF68B0800ED167C /* drawing-appTests */,
				900696692AF68B0900ED167C /* drawing-appUITests */,
			);
		};
/* End PBXProject section */

/* Begin PBXResourcesBuildPhase section */
		900696482AF68B0800ED167C /* Resources */ = {
			isa = PBXResourcesBuildPhase;
			buildActionMask = 2147483647;
			files = (
				9006965A2AF68B0800ED167C /* LaunchScreen.storyboard in Resources */,
				900696572AF68B0800ED167C /* Assets.xcassets in Resources */,
				900696552AF68B0800ED167C /* Main.storyboard in Resources */,
			);
			runOnlyForDeploymentPostprocessing = 0;
		};
		9006965E2AF68B0800ED167C /* Resources */ = {
			isa = PBXResourcesBuildPhase;
			buildActionMask = 2147483647;
			files = (
			);
			runOnlyForDeploymentPostprocessing = 0;
		};
		900696682AF68B0900ED167C /* Resources */ = {
			isa = PBXResourcesBuildPhase;
			buildActionMask = 2147483647;
			files = (
			);
			runOnlyForDeploymentPostprocessing = 0;
		};
/* End PBXResourcesBuildPhase section */

/* Begin PBXSourcesBuildPhase section */
		900696462AF68B0800ED167C /* Sources */ = {
			isa = PBXSourcesBuildPhase;
			buildActionMask = 2147483647;
			files = (
				9006968C2AFA81E900ED167C /* SquareFactory.swift in Sources */,
				900696522AF68B0800ED167C /* DrawingViewController.swift in Sources */,
				900696802AF68C1A00ED167C /* DrawingViewModel.swift in Sources */,
				900696822AF9226700ED167C /* CanvasButton.swift in Sources */,
				900696862AF929B700ED167C /* Square.swift in Sources */,
				9006968A2AFA7CFD00ED167C /* Color.swift in Sources */,
				9006964E2AF68B0800ED167C /* AppDelegate.swift in Sources */,
				900696932AFA91C200ED167C /* SquareFactoryImpl.swift in Sources */,
				900696972AFA960500ED167C /* CanvasView.swift in Sources */,
				900696502AF68B0800ED167C /* SceneDelegate.swift in Sources */,
				900696952AFA929D00ED167C /* Drawable.swift in Sources */,
				9006969A2AFBC78600ED167C /* Constants.swift in Sources */,
			);
			runOnlyForDeploymentPostprocessing = 0;
		};
		9006965C2AF68B0800ED167C /* Sources */ = {
			isa = PBXSourcesBuildPhase;
			buildActionMask = 2147483647;
			files = (
				900696652AF68B0800ED167C /* drawing_appTests.swift in Sources */,
			);
			runOnlyForDeploymentPostprocessing = 0;
		};
		900696662AF68B0900ED167C /* Sources */ = {
			isa = PBXSourcesBuildPhase;
			buildActionMask = 2147483647;
			files = (
				9006966F2AF68B0900ED167C /* drawing_appUITests.swift in Sources */,
				900696712AF68B0900ED167C /* drawing_appUITestsLaunchTests.swift in Sources */,
			);
			runOnlyForDeploymentPostprocessing = 0;
		};
/* End PBXSourcesBuildPhase section */

/* Begin PBXTargetDependency section */
		900696622AF68B0800ED167C /* PBXTargetDependency */ = {
			isa = PBXTargetDependency;
			target = 900696492AF68B0800ED167C /* drawing-app */;
			targetProxy = 900696612AF68B0800ED167C /* PBXContainerItemProxy */;
		};
		9006966C2AF68B0900ED167C /* PBXTargetDependency */ = {
			isa = PBXTargetDependency;
			target = 900696492AF68B0800ED167C /* drawing-app */;
			targetProxy = 9006966B2AF68B0900ED167C /* PBXContainerItemProxy */;
		};
/* End PBXTargetDependency section */

/* Begin PBXVariantGroup section */
		900696532AF68B0800ED167C /* Main.storyboard */ = {
			isa = PBXVariantGroup;
			children = (
				900696542AF68B0800ED167C /* Base */,
			);
			name = Main.storyboard;
			sourceTree = "<group>";
		};
		900696582AF68B0800ED167C /* LaunchScreen.storyboard */ = {
			isa = PBXVariantGroup;
			children = (
				900696592AF68B0800ED167C /* Base */,
			);
			name = LaunchScreen.storyboard;
			sourceTree = "<group>";
		};
/* End PBXVariantGroup section */

/* Begin XCBuildConfiguration section */
		900696722AF68B0900ED167C /* Debug */ = {
			isa = XCBuildConfiguration;
			buildSettings = {
				ALWAYS_SEARCH_USER_PATHS = NO;
				CLANG_ANALYZER_NONNULL = YES;
				CLANG_ANALYZER_NUMBER_OBJECT_CONVERSION = YES_AGGRESSIVE;
				CLANG_CXX_LANGUAGE_STANDARD = "gnu++20";
				CLANG_ENABLE_MODULES = YES;
				CLANG_ENABLE_OBJC_ARC = YES;
				CLANG_ENABLE_OBJC_WEAK = YES;
				CLANG_WARN_BLOCK_CAPTURE_AUTORELEASING = YES;
				CLANG_WARN_BOOL_CONVERSION = YES;
				CLANG_WARN_COMMA = YES;
				CLANG_WARN_CONSTANT_CONVERSION = YES;
				CLANG_WARN_DEPRECATED_OBJC_IMPLEMENTATIONS = YES;
				CLANG_WARN_DIRECT_OBJC_ISA_USAGE = YES_ERROR;
				CLANG_WARN_DOCUMENTATION_COMMENTS = YES;
				CLANG_WARN_EMPTY_BODY = YES;
				CLANG_WARN_ENUM_CONVERSION = YES;
				CLANG_WARN_INFINITE_RECURSION = YES;
				CLANG_WARN_INT_CONVERSION = YES;
				CLANG_WARN_NON_LITERAL_NULL_CONVERSION = YES;
				CLANG_WARN_OBJC_IMPLICIT_RETAIN_SELF = YES;
				CLANG_WARN_OBJC_LITERAL_CONVERSION = YES;
				CLANG_WARN_OBJC_ROOT_CLASS = YES_ERROR;
				CLANG_WARN_QUOTED_INCLUDE_IN_FRAMEWORK_HEADER = YES;
				CLANG_WARN_RANGE_LOOP_ANALYSIS = YES;
				CLANG_WARN_STRICT_PROTOTYPES = YES;
				CLANG_WARN_SUSPICIOUS_MOVE = YES;
				CLANG_WARN_UNGUARDED_AVAILABILITY = YES_AGGRESSIVE;
				CLANG_WARN_UNREACHABLE_CODE = YES;
				CLANG_WARN__DUPLICATE_METHOD_MATCH = YES;
				COPY_PHASE_STRIP = NO;
				DEBUG_INFORMATION_FORMAT = dwarf;
				ENABLE_STRICT_OBJC_MSGSEND = YES;
				ENABLE_TESTABILITY = YES;
				GCC_C_LANGUAGE_STANDARD = gnu11;
				GCC_DYNAMIC_NO_PIC = NO;
				GCC_NO_COMMON_BLOCKS = YES;
				GCC_OPTIMIZATION_LEVEL = 0;
				GCC_PREPROCESSOR_DEFINITIONS = (
					"DEBUG=1",
					"$(inherited)",
				);
				GCC_WARN_64_TO_32_BIT_CONVERSION = YES;
				GCC_WARN_ABOUT_RETURN_TYPE = YES_ERROR;
				GCC_WARN_UNDECLARED_SELECTOR = YES;
				GCC_WARN_UNINITIALIZED_AUTOS = YES_AGGRESSIVE;
				GCC_WARN_UNUSED_FUNCTION = YES;
				GCC_WARN_UNUSED_VARIABLE = YES;
				IPHONEOS_DEPLOYMENT_TARGET = 16.4;
				MTL_ENABLE_DEBUG_INFO = INCLUDE_SOURCE;
				MTL_FAST_MATH = YES;
				ONLY_ACTIVE_ARCH = YES;
				SDKROOT = iphoneos;
				SWIFT_ACTIVE_COMPILATION_CONDITIONS = DEBUG;
				SWIFT_OPTIMIZATION_LEVEL = "-Onone";
			};
			name = Debug;
		};
		900696732AF68B0900ED167C /* Release */ = {
			isa = XCBuildConfiguration;
			buildSettings = {
				ALWAYS_SEARCH_USER_PATHS = NO;
				CLANG_ANALYZER_NONNULL = YES;
				CLANG_ANALYZER_NUMBER_OBJECT_CONVERSION = YES_AGGRESSIVE;
				CLANG_CXX_LANGUAGE_STANDARD = "gnu++20";
				CLANG_ENABLE_MODULES = YES;
				CLANG_ENABLE_OBJC_ARC = YES;
				CLANG_ENABLE_OBJC_WEAK = YES;
				CLANG_WARN_BLOCK_CAPTURE_AUTORELEASING = YES;
				CLANG_WARN_BOOL_CONVERSION = YES;
				CLANG_WARN_COMMA = YES;
				CLANG_WARN_CONSTANT_CONVERSION = YES;
				CLANG_WARN_DEPRECATED_OBJC_IMPLEMENTATIONS = YES;
				CLANG_WARN_DIRECT_OBJC_ISA_USAGE = YES_ERROR;
				CLANG_WARN_DOCUMENTATION_COMMENTS = YES;
				CLANG_WARN_EMPTY_BODY = YES;
				CLANG_WARN_ENUM_CONVERSION = YES;
				CLANG_WARN_INFINITE_RECURSION = YES;
				CLANG_WARN_INT_CONVERSION = YES;
				CLANG_WARN_NON_LITERAL_NULL_CONVERSION = YES;
				CLANG_WARN_OBJC_IMPLICIT_RETAIN_SELF = YES;
				CLANG_WARN_OBJC_LITERAL_CONVERSION = YES;
				CLANG_WARN_OBJC_ROOT_CLASS = YES_ERROR;
				CLANG_WARN_QUOTED_INCLUDE_IN_FRAMEWORK_HEADER = YES;
				CLANG_WARN_RANGE_LOOP_ANALYSIS = YES;
				CLANG_WARN_STRICT_PROTOTYPES = YES;
				CLANG_WARN_SUSPICIOUS_MOVE = YES;
				CLANG_WARN_UNGUARDED_AVAILABILITY = YES_AGGRESSIVE;
				CLANG_WARN_UNREACHABLE_CODE = YES;
				CLANG_WARN__DUPLICATE_METHOD_MATCH = YES;
				COPY_PHASE_STRIP = NO;
				DEBUG_INFORMATION_FORMAT = "dwarf-with-dsym";
				ENABLE_NS_ASSERTIONS = NO;
				ENABLE_STRICT_OBJC_MSGSEND = YES;
				GCC_C_LANGUAGE_STANDARD = gnu11;
				GCC_NO_COMMON_BLOCKS = YES;
				GCC_WARN_64_TO_32_BIT_CONVERSION = YES;
				GCC_WARN_ABOUT_RETURN_TYPE = YES_ERROR;
				GCC_WARN_UNDECLARED_SELECTOR = YES;
				GCC_WARN_UNINITIALIZED_AUTOS = YES_AGGRESSIVE;
				GCC_WARN_UNUSED_FUNCTION = YES;
				GCC_WARN_UNUSED_VARIABLE = YES;
				IPHONEOS_DEPLOYMENT_TARGET = 16.4;
				MTL_ENABLE_DEBUG_INFO = NO;
				MTL_FAST_MATH = YES;
				SDKROOT = iphoneos;
				SWIFT_COMPILATION_MODE = wholemodule;
				SWIFT_OPTIMIZATION_LEVEL = "-O";
				VALIDATE_PRODUCT = YES;
			};
			name = Release;
		};
		900696752AF68B0900ED167C /* Debug */ = {
			isa = XCBuildConfiguration;
			buildSettings = {
				ASSETCATALOG_COMPILER_APPICON_NAME = AppIcon;
				ASSETCATALOG_COMPILER_GLOBAL_ACCENT_COLOR_NAME = AccentColor;
				CODE_SIGN_STYLE = Automatic;
				CURRENT_PROJECT_VERSION = 1;
				DEVELOPMENT_TEAM = C5Y2CH62YY;
				GENERATE_INFOPLIST_FILE = YES;
				INFOPLIST_FILE = "drawing-app/Resource/Info.plist";
				INFOPLIST_KEY_UIApplicationSupportsIndirectInputEvents = YES;
				INFOPLIST_KEY_UILaunchStoryboardName = LaunchScreen;
				INFOPLIST_KEY_UIMainStoryboardFile = Main;
				INFOPLIST_KEY_UISupportedInterfaceOrientations_iPad = "UIInterfaceOrientationPortrait UIInterfaceOrientationPortraitUpsideDown UIInterfaceOrientationLandscapeLeft UIInterfaceOrientationLandscapeRight";
				INFOPLIST_KEY_UISupportedInterfaceOrientations_iPhone = "UIInterfaceOrientationPortrait UIInterfaceOrientationLandscapeLeft UIInterfaceOrientationLandscapeRight";
				LD_RUNPATH_SEARCH_PATHS = (
					"$(inherited)",
					"@executable_path/Frameworks",
				);
				MARKETING_VERSION = 1.0;
				PRODUCT_BUNDLE_IDENTIFIER = "com.jiyeonlab.drawing-app";
				PRODUCT_NAME = "$(TARGET_NAME)";
				SWIFT_EMIT_LOC_STRINGS = YES;
				SWIFT_VERSION = 5.0;
				TARGETED_DEVICE_FAMILY = "1,2";
			};
			name = Debug;
		};
		900696762AF68B0900ED167C /* Release */ = {
			isa = XCBuildConfiguration;
			buildSettings = {
				ASSETCATALOG_COMPILER_APPICON_NAME = AppIcon;
				ASSETCATALOG_COMPILER_GLOBAL_ACCENT_COLOR_NAME = AccentColor;
				CODE_SIGN_STYLE = Automatic;
				CURRENT_PROJECT_VERSION = 1;
				DEVELOPMENT_TEAM = C5Y2CH62YY;
				GENERATE_INFOPLIST_FILE = YES;
				INFOPLIST_FILE = "drawing-app/Resource/Info.plist";
				INFOPLIST_KEY_UIApplicationSupportsIndirectInputEvents = YES;
				INFOPLIST_KEY_UILaunchStoryboardName = LaunchScreen;
				INFOPLIST_KEY_UIMainStoryboardFile = Main;
				INFOPLIST_KEY_UISupportedInterfaceOrientations_iPad = "UIInterfaceOrientationPortrait UIInterfaceOrientationPortraitUpsideDown UIInterfaceOrientationLandscapeLeft UIInterfaceOrientationLandscapeRight";
				INFOPLIST_KEY_UISupportedInterfaceOrientations_iPhone = "UIInterfaceOrientationPortrait UIInterfaceOrientationLandscapeLeft UIInterfaceOrientationLandscapeRight";
				LD_RUNPATH_SEARCH_PATHS = (
					"$(inherited)",
					"@executable_path/Frameworks",
				);
				MARKETING_VERSION = 1.0;
				PRODUCT_BUNDLE_IDENTIFIER = "com.jiyeonlab.drawing-app";
				PRODUCT_NAME = "$(TARGET_NAME)";
				SWIFT_EMIT_LOC_STRINGS = YES;
				SWIFT_VERSION = 5.0;
				TARGETED_DEVICE_FAMILY = "1,2";
			};
			name = Release;
		};
		900696782AF68B0900ED167C /* Debug */ = {
			isa = XCBuildConfiguration;
			buildSettings = {
				ALWAYS_EMBED_SWIFT_STANDARD_LIBRARIES = YES;
				BUNDLE_LOADER = "$(TEST_HOST)";
				CODE_SIGN_STYLE = Automatic;
				CURRENT_PROJECT_VERSION = 1;
				DEVELOPMENT_TEAM = C5Y2CH62YY;
				GENERATE_INFOPLIST_FILE = YES;
				IPHONEOS_DEPLOYMENT_TARGET = 16.4;
				MARKETING_VERSION = 1.0;
				PRODUCT_BUNDLE_IDENTIFIER = "com.jiyeonlab.drawing-appTests";
				PRODUCT_NAME = "$(TARGET_NAME)";
				SWIFT_EMIT_LOC_STRINGS = NO;
				SWIFT_VERSION = 5.0;
				TARGETED_DEVICE_FAMILY = "1,2";
				TEST_HOST = "$(BUILT_PRODUCTS_DIR)/drawing-app.app/$(BUNDLE_EXECUTABLE_FOLDER_PATH)/drawing-app";
			};
			name = Debug;
		};
		900696792AF68B0900ED167C /* Release */ = {
			isa = XCBuildConfiguration;
			buildSettings = {
				ALWAYS_EMBED_SWIFT_STANDARD_LIBRARIES = YES;
				BUNDLE_LOADER = "$(TEST_HOST)";
				CODE_SIGN_STYLE = Automatic;
				CURRENT_PROJECT_VERSION = 1;
				DEVELOPMENT_TEAM = C5Y2CH62YY;
				GENERATE_INFOPLIST_FILE = YES;
				IPHONEOS_DEPLOYMENT_TARGET = 16.4;
				MARKETING_VERSION = 1.0;
				PRODUCT_BUNDLE_IDENTIFIER = "com.jiyeonlab.drawing-appTests";
				PRODUCT_NAME = "$(TARGET_NAME)";
				SWIFT_EMIT_LOC_STRINGS = NO;
				SWIFT_VERSION = 5.0;
				TARGETED_DEVICE_FAMILY = "1,2";
				TEST_HOST = "$(BUILT_PRODUCTS_DIR)/drawing-app.app/$(BUNDLE_EXECUTABLE_FOLDER_PATH)/drawing-app";
			};
			name = Release;
		};
		9006967B2AF68B0900ED167C /* Debug */ = {
			isa = XCBuildConfiguration;
			buildSettings = {
				ALWAYS_EMBED_SWIFT_STANDARD_LIBRARIES = YES;
				CODE_SIGN_STYLE = Automatic;
				CURRENT_PROJECT_VERSION = 1;
				DEVELOPMENT_TEAM = C5Y2CH62YY;
				GENERATE_INFOPLIST_FILE = YES;
				MARKETING_VERSION = 1.0;
				PRODUCT_BUNDLE_IDENTIFIER = "com.jiyeonlab.drawing-appUITests";
				PRODUCT_NAME = "$(TARGET_NAME)";
				SWIFT_EMIT_LOC_STRINGS = NO;
				SWIFT_VERSION = 5.0;
				TARGETED_DEVICE_FAMILY = "1,2";
				TEST_TARGET_NAME = "drawing-app";
			};
			name = Debug;
		};
		9006967C2AF68B0900ED167C /* Release */ = {
			isa = XCBuildConfiguration;
			buildSettings = {
				ALWAYS_EMBED_SWIFT_STANDARD_LIBRARIES = YES;
				CODE_SIGN_STYLE = Automatic;
				CURRENT_PROJECT_VERSION = 1;
				DEVELOPMENT_TEAM = C5Y2CH62YY;
				GENERATE_INFOPLIST_FILE = YES;
				MARKETING_VERSION = 1.0;
				PRODUCT_BUNDLE_IDENTIFIER = "com.jiyeonlab.drawing-appUITests";
				PRODUCT_NAME = "$(TARGET_NAME)";
				SWIFT_EMIT_LOC_STRINGS = NO;
				SWIFT_VERSION = 5.0;
				TARGETED_DEVICE_FAMILY = "1,2";
				TEST_TARGET_NAME = "drawing-app";
			};
			name = Release;
		};
/* End XCBuildConfiguration section */

/* Begin XCConfigurationList section */
		900696452AF68B0800ED167C /* Build configuration list for PBXProject "drawing-app" */ = {
			isa = XCConfigurationList;
			buildConfigurations = (
				900696722AF68B0900ED167C /* Debug */,
				900696732AF68B0900ED167C /* Release */,
			);
			defaultConfigurationIsVisible = 0;
			defaultConfigurationName = Release;
		};
		900696742AF68B0900ED167C /* Build configuration list for PBXNativeTarget "drawing-app" */ = {
			isa = XCConfigurationList;
			buildConfigurations = (
				900696752AF68B0900ED167C /* Debug */,
				900696762AF68B0900ED167C /* Release */,
			);
			defaultConfigurationIsVisible = 0;
			defaultConfigurationName = Release;
		};
		900696772AF68B0900ED167C /* Build configuration list for PBXNativeTarget "drawing-appTests" */ = {
			isa = XCConfigurationList;
			buildConfigurations = (
				900696782AF68B0900ED167C /* Debug */,
				900696792AF68B0900ED167C /* Release */,
			);
			defaultConfigurationIsVisible = 0;
			defaultConfigurationName = Release;
		};
		9006967A2AF68B0900ED167C /* Build configuration list for PBXNativeTarget "drawing-appUITests" */ = {
			isa = XCConfigurationList;
			buildConfigurations = (
				9006967B2AF68B0900ED167C /* Debug */,
				9006967C2AF68B0900ED167C /* Release */,
			);
			defaultConfigurationIsVisible = 0;
			defaultConfigurationName = Release;
		};
/* End XCConfigurationList section */
	};
	rootObject = 900696422AF68B0800ED167C /* Project object */;
}
