// !$*UTF8*$!
{
	archiveVersion = 1;
	classes = {
	};
	objectVersion = 56;
	objects = {

/* Begin PBXBuildFile section */
		B4E31C7F2AF63D600030DD44 /* AppDelegate.swift in Sources */ = {isa = PBXBuildFile; fileRef = B4E31C7E2AF63D600030DD44 /* AppDelegate.swift */; };
		B4E31C812AF63D600030DD44 /* SceneDelegate.swift in Sources */ = {isa = PBXBuildFile; fileRef = B4E31C802AF63D600030DD44 /* SceneDelegate.swift */; };
		B4E31C832AF63D600030DD44 /* ViewController.swift in Sources */ = {isa = PBXBuildFile; fileRef = B4E31C822AF63D600030DD44 /* ViewController.swift */; };
		B4E31C882AF63D620030DD44 /* Assets.xcassets in Resources */ = {isa = PBXBuildFile; fileRef = B4E31C872AF63D620030DD44 /* Assets.xcassets */; };
		B4E31C8B2AF63D620030DD44 /* LaunchScreen.storyboard in Resources */ = {isa = PBXBuildFile; fileRef = B4E31C892AF63D620030DD44 /* LaunchScreen.storyboard */; };
		B4E31C962AF63D620030DD44 /* DrawingAppTests.swift in Sources */ = {isa = PBXBuildFile; fileRef = B4E31C952AF63D620030DD44 /* DrawingAppTests.swift */; };
		B4E31CA02AF63D620030DD44 /* DrawingAppUITests.swift in Sources */ = {isa = PBXBuildFile; fileRef = B4E31C9F2AF63D620030DD44 /* DrawingAppUITests.swift */; };
		B4E31CA22AF63D620030DD44 /* DrawingAppUITestsLaunchTests.swift in Sources */ = {isa = PBXBuildFile; fileRef = B4E31CA12AF63D620030DD44 /* DrawingAppUITestsLaunchTests.swift */; };
		B4E31CB72AF658110030DD44 /* CreateButton.swift in Sources */ = {isa = PBXBuildFile; fileRef = B4E31CB62AF658110030DD44 /* CreateButton.swift */; };
		B4E31CB92AF65F1D0030DD44 /* BaseViewController.swift in Sources */ = {isa = PBXBuildFile; fileRef = B4E31CB82AF65F1D0030DD44 /* BaseViewController.swift */; };
		B4E31CBD2AF67C0B0030DD44 /* SquareView.swift in Sources */ = {isa = PBXBuildFile; fileRef = B4E31CBC2AF67C0B0030DD44 /* SquareView.swift */; };
		B4E31CC22AF682AB0030DD44 /* Square.swift in Sources */ = {isa = PBXBuildFile; fileRef = B4E31CC12AF682AB0030DD44 /* Square.swift */; };
		B4E31CC52AF683F00030DD44 /* ColorType.swift in Sources */ = {isa = PBXBuildFile; fileRef = B4E31CC42AF683F00030DD44 /* ColorType.swift */; };
		B4E31CCA2AF685580030DD44 /* SquareSelectionUseCaseImpl.swift in Sources */ = {isa = PBXBuildFile; fileRef = B4E31CC92AF685580030DD44 /* SquareSelectionUseCaseImpl.swift */; };
		B4E31CCD2AF6882F0030DD44 /* SquareSelectionUseCase.swift in Sources */ = {isa = PBXBuildFile; fileRef = B4E31CCC2AF6882F0030DD44 /* SquareSelectionUseCase.swift */; };
		B4E31CCF2AF690370030DD44 /* SquareManagementUseCaseImpl.swift in Sources */ = {isa = PBXBuildFile; fileRef = B4E31CCE2AF690370030DD44 /* SquareManagementUseCaseImpl.swift */; };
		B4E31CD12AF690430030DD44 /* SquareManagementUseCase.swift in Sources */ = {isa = PBXBuildFile; fileRef = B4E31CD02AF690430030DD44 /* SquareManagementUseCase.swift */; };
		B4E31CD32AF69C860030DD44 /* Constants.swift in Sources */ = {isa = PBXBuildFile; fileRef = B4E31CD22AF69C860030DD44 /* Constants.swift */; };
		B4E31CD82AF754690030DD44 /* SquareManagementTests.swift in Sources */ = {isa = PBXBuildFile; fileRef = B4E31CD72AF754690030DD44 /* SquareManagementTests.swift */; };
/* End PBXBuildFile section */

/* Begin PBXContainerItemProxy section */
		B4E31C922AF63D620030DD44 /* PBXContainerItemProxy */ = {
			isa = PBXContainerItemProxy;
			containerPortal = B4E31C732AF63D600030DD44 /* Project object */;
			proxyType = 1;
			remoteGlobalIDString = B4E31C7A2AF63D600030DD44;
			remoteInfo = DrawingApp;
		};
		B4E31C9C2AF63D620030DD44 /* PBXContainerItemProxy */ = {
			isa = PBXContainerItemProxy;
			containerPortal = B4E31C732AF63D600030DD44 /* Project object */;
			proxyType = 1;
			remoteGlobalIDString = B4E31C7A2AF63D600030DD44;
			remoteInfo = DrawingApp;
		};
/* End PBXContainerItemProxy section */

/* Begin PBXFileReference section */
		B4E31C7B2AF63D600030DD44 /* DrawingApp.app */ = {isa = PBXFileReference; explicitFileType = wrapper.application; includeInIndex = 0; path = DrawingApp.app; sourceTree = BUILT_PRODUCTS_DIR; };
		B4E31C7E2AF63D600030DD44 /* AppDelegate.swift */ = {isa = PBXFileReference; lastKnownFileType = sourcecode.swift; path = AppDelegate.swift; sourceTree = "<group>"; };
		B4E31C802AF63D600030DD44 /* SceneDelegate.swift */ = {isa = PBXFileReference; lastKnownFileType = sourcecode.swift; path = SceneDelegate.swift; sourceTree = "<group>"; };
		B4E31C822AF63D600030DD44 /* ViewController.swift */ = {isa = PBXFileReference; lastKnownFileType = sourcecode.swift; path = ViewController.swift; sourceTree = "<group>"; };
		B4E31C872AF63D620030DD44 /* Assets.xcassets */ = {isa = PBXFileReference; lastKnownFileType = folder.assetcatalog; path = Assets.xcassets; sourceTree = "<group>"; };
		B4E31C8A2AF63D620030DD44 /* Base */ = {isa = PBXFileReference; lastKnownFileType = file.storyboard; name = Base; path = Base.lproj/LaunchScreen.storyboard; sourceTree = "<group>"; };
		B4E31C8C2AF63D620030DD44 /* Info.plist */ = {isa = PBXFileReference; lastKnownFileType = text.plist.xml; path = Info.plist; sourceTree = "<group>"; };
		B4E31C912AF63D620030DD44 /* DrawingAppTests.xctest */ = {isa = PBXFileReference; explicitFileType = wrapper.cfbundle; includeInIndex = 0; path = DrawingAppTests.xctest; sourceTree = BUILT_PRODUCTS_DIR; };
		B4E31C952AF63D620030DD44 /* DrawingAppTests.swift */ = {isa = PBXFileReference; lastKnownFileType = sourcecode.swift; path = DrawingAppTests.swift; sourceTree = "<group>"; };
		B4E31C9B2AF63D620030DD44 /* DrawingAppUITests.xctest */ = {isa = PBXFileReference; explicitFileType = wrapper.cfbundle; includeInIndex = 0; path = DrawingAppUITests.xctest; sourceTree = BUILT_PRODUCTS_DIR; };
		B4E31C9F2AF63D620030DD44 /* DrawingAppUITests.swift */ = {isa = PBXFileReference; lastKnownFileType = sourcecode.swift; path = DrawingAppUITests.swift; sourceTree = "<group>"; };
		B4E31CA12AF63D620030DD44 /* DrawingAppUITestsLaunchTests.swift */ = {isa = PBXFileReference; lastKnownFileType = sourcecode.swift; path = DrawingAppUITestsLaunchTests.swift; sourceTree = "<group>"; };
		B4E31CB62AF658110030DD44 /* CreateButton.swift */ = {isa = PBXFileReference; lastKnownFileType = sourcecode.swift; path = CreateButton.swift; sourceTree = "<group>"; };
		B4E31CB82AF65F1D0030DD44 /* BaseViewController.swift */ = {isa = PBXFileReference; lastKnownFileType = sourcecode.swift; path = BaseViewController.swift; sourceTree = "<group>"; };
		B4E31CBC2AF67C0B0030DD44 /* SquareView.swift */ = {isa = PBXFileReference; lastKnownFileType = sourcecode.swift; path = SquareView.swift; sourceTree = "<group>"; };
		B4E31CC12AF682AB0030DD44 /* Square.swift */ = {isa = PBXFileReference; lastKnownFileType = sourcecode.swift; path = Square.swift; sourceTree = "<group>"; };
		B4E31CC42AF683F00030DD44 /* ColorType.swift */ = {isa = PBXFileReference; lastKnownFileType = sourcecode.swift; path = ColorType.swift; sourceTree = "<group>"; };
		B4E31CC92AF685580030DD44 /* SquareSelectionUseCaseImpl.swift */ = {isa = PBXFileReference; lastKnownFileType = sourcecode.swift; path = SquareSelectionUseCaseImpl.swift; sourceTree = "<group>"; };
		B4E31CCC2AF6882F0030DD44 /* SquareSelectionUseCase.swift */ = {isa = PBXFileReference; lastKnownFileType = sourcecode.swift; path = SquareSelectionUseCase.swift; sourceTree = "<group>"; };
		B4E31CCE2AF690370030DD44 /* SquareManagementUseCaseImpl.swift */ = {isa = PBXFileReference; lastKnownFileType = sourcecode.swift; path = SquareManagementUseCaseImpl.swift; sourceTree = "<group>"; };
		B4E31CD02AF690430030DD44 /* SquareManagementUseCase.swift */ = {isa = PBXFileReference; lastKnownFileType = sourcecode.swift; path = SquareManagementUseCase.swift; sourceTree = "<group>"; };
		B4E31CD22AF69C860030DD44 /* Constants.swift */ = {isa = PBXFileReference; lastKnownFileType = sourcecode.swift; path = Constants.swift; sourceTree = "<group>"; };
		B4E31CD72AF754690030DD44 /* SquareManagementTests.swift */ = {isa = PBXFileReference; lastKnownFileType = sourcecode.swift; path = SquareManagementTests.swift; sourceTree = "<group>"; };
/* End PBXFileReference section */

/* Begin PBXFrameworksBuildPhase section */
		B4E31C782AF63D600030DD44 /* Frameworks */ = {
			isa = PBXFrameworksBuildPhase;
			buildActionMask = 2147483647;
			files = (
			);
			runOnlyForDeploymentPostprocessing = 0;
		};
		B4E31C8E2AF63D620030DD44 /* Frameworks */ = {
			isa = PBXFrameworksBuildPhase;
			buildActionMask = 2147483647;
			files = (
			);
			runOnlyForDeploymentPostprocessing = 0;
		};
		B4E31C982AF63D620030DD44 /* Frameworks */ = {
			isa = PBXFrameworksBuildPhase;
			buildActionMask = 2147483647;
			files = (
			);
			runOnlyForDeploymentPostprocessing = 0;
		};
/* End PBXFrameworksBuildPhase section */

/* Begin PBXGroup section */
		B4E31C722AF63D600030DD44 = {
			isa = PBXGroup;
			children = (
				B4E31C7D2AF63D600030DD44 /* DrawingApp */,
				B4E31C942AF63D620030DD44 /* DrawingAppTests */,
				B4E31C9E2AF63D620030DD44 /* DrawingAppUITests */,
				B4E31C7C2AF63D600030DD44 /* Products */,
			);
			sourceTree = "<group>";
		};
		B4E31C7C2AF63D600030DD44 /* Products */ = {
			isa = PBXGroup;
			children = (
				B4E31C7B2AF63D600030DD44 /* DrawingApp.app */,
				B4E31C912AF63D620030DD44 /* DrawingAppTests.xctest */,
				B4E31C9B2AF63D620030DD44 /* DrawingAppUITests.xctest */,
			);
			name = Products;
			sourceTree = "<group>";
		};
		B4E31C7D2AF63D600030DD44 /* DrawingApp */ = {
			isa = PBXGroup;
			children = (
				B4E31CAF2AF6445A0030DD44 /* Application */,
				B4E31CAE2AF644370030DD44 /* Resources */,
				B4E31CC32AF683E10030DD44 /* Utility */,
				B4E31CC62AF684D20030DD44 /* Domain */,
				B4E31CB02AF645090030DD44 /* Presentation */,
			);
			path = DrawingApp;
			sourceTree = "<group>";
		};
		B4E31C942AF63D620030DD44 /* DrawingAppTests */ = {
			isa = PBXGroup;
			children = (
				B4E31CD62AF7545A0030DD44 /* Square */,
				B4E31C952AF63D620030DD44 /* DrawingAppTests.swift */,
			);
			path = DrawingAppTests;
			sourceTree = "<group>";
		};
		B4E31C9E2AF63D620030DD44 /* DrawingAppUITests */ = {
			isa = PBXGroup;
			children = (
				B4E31C9F2AF63D620030DD44 /* DrawingAppUITests.swift */,
				B4E31CA12AF63D620030DD44 /* DrawingAppUITestsLaunchTests.swift */,
			);
			path = DrawingAppUITests;
			sourceTree = "<group>";
		};
		B4E31CAE2AF644370030DD44 /* Resources */ = {
			isa = PBXGroup;
			children = (
				B4E31C892AF63D620030DD44 /* LaunchScreen.storyboard */,
				B4E31C8C2AF63D620030DD44 /* Info.plist */,
				B4E31C872AF63D620030DD44 /* Assets.xcassets */,
			);
			path = Resources;
			sourceTree = "<group>";
		};
		B4E31CAF2AF6445A0030DD44 /* Application */ = {
			isa = PBXGroup;
			children = (
				B4E31C7E2AF63D600030DD44 /* AppDelegate.swift */,
				B4E31C802AF63D600030DD44 /* SceneDelegate.swift */,
			);
			path = Application;
			sourceTree = "<group>";
		};
		B4E31CB02AF645090030DD44 /* Presentation */ = {
			isa = PBXGroup;
			children = (
				B4E31CBA2AF65F7D0030DD44 /* BaseView */,
				B4E31CB52AF658090030DD44 /* Components */,
				B4E31CBB2AF67BE70030DD44 /* View */,
				B4E31C822AF63D600030DD44 /* ViewController.swift */,
			);
			path = Presentation;
			sourceTree = "<group>";
		};
		B4E31CB52AF658090030DD44 /* Components */ = {
			isa = PBXGroup;
			children = (
				B4E31CB62AF658110030DD44 /* CreateButton.swift */,
			);
			path = Components;
			sourceTree = "<group>";
		};
		B4E31CBA2AF65F7D0030DD44 /* BaseView */ = {
			isa = PBXGroup;
			children = (
				B4E31CB82AF65F1D0030DD44 /* BaseViewController.swift */,
			);
			path = BaseView;
			sourceTree = "<group>";
		};
		B4E31CBB2AF67BE70030DD44 /* View */ = {
			isa = PBXGroup;
			children = (
				B4E31CBC2AF67C0B0030DD44 /* SquareView.swift */,
			);
			path = View;
			sourceTree = "<group>";
		};
		B4E31CC02AF6829C0030DD44 /* Model */ = {
			isa = PBXGroup;
			children = (
				B4E31CC12AF682AB0030DD44 /* Square.swift */,
			);
			path = Model;
			sourceTree = "<group>";
		};
		B4E31CC32AF683E10030DD44 /* Utility */ = {
			isa = PBXGroup;
			children = (
				B4E31CC42AF683F00030DD44 /* ColorType.swift */,
				B4E31CD22AF69C860030DD44 /* Constants.swift */,
			);
			path = Utility;
			sourceTree = "<group>";
		};
		B4E31CC62AF684D20030DD44 /* Domain */ = {
			isa = PBXGroup;
			children = (
				B4E31CC02AF6829C0030DD44 /* Model */,
				B4E31CCB2AF688080030DD44 /* UseCase */,
				B4E31CC72AF684E40030DD44 /* implementation */,
			);
			path = Domain;
			sourceTree = "<group>";
		};
		B4E31CC72AF684E40030DD44 /* implementation */ = {
			isa = PBXGroup;
			children = (
				B4E31CC82AF684EF0030DD44 /* Square */,
			);
			path = implementation;
			sourceTree = "<group>";
		};
		B4E31CC82AF684EF0030DD44 /* Square */ = {
			isa = PBXGroup;
			children = (
				B4E31CC92AF685580030DD44 /* SquareSelectionUseCaseImpl.swift */,
				B4E31CCE2AF690370030DD44 /* SquareManagementUseCaseImpl.swift */,
			);
			path = Square;
			sourceTree = "<group>";
		};
		B4E31CCB2AF688080030DD44 /* UseCase */ = {
			isa = PBXGroup;
			children = (
				B4E31CCC2AF6882F0030DD44 /* SquareSelectionUseCase.swift */,
				B4E31CD02AF690430030DD44 /* SquareManagementUseCase.swift */,
			);
			path = UseCase;
			sourceTree = "<group>";
		};
		B4E31CD62AF7545A0030DD44 /* Square */ = {
			isa = PBXGroup;
			children = (
				B4E31CD72AF754690030DD44 /* SquareManagementTests.swift */,
			);
			path = Square;
			sourceTree = "<group>";
		};
/* End PBXGroup section */

/* Begin PBXNativeTarget section */
		B4E31C7A2AF63D600030DD44 /* DrawingApp */ = {
			isa = PBXNativeTarget;
			buildConfigurationList = B4E31CA52AF63D620030DD44 /* Build configuration list for PBXNativeTarget "DrawingApp" */;
			buildPhases = (
				B4E31C772AF63D600030DD44 /* Sources */,
				B4E31C782AF63D600030DD44 /* Frameworks */,
				B4E31C792AF63D600030DD44 /* Resources */,
			);
			buildRules = (
			);
			dependencies = (
			);
			name = DrawingApp;
			productName = DrawingApp;
			productReference = B4E31C7B2AF63D600030DD44 /* DrawingApp.app */;
			productType = "com.apple.product-type.application";
		};
		B4E31C902AF63D620030DD44 /* DrawingAppTests */ = {
			isa = PBXNativeTarget;
			buildConfigurationList = B4E31CA82AF63D620030DD44 /* Build configuration list for PBXNativeTarget "DrawingAppTests" */;
			buildPhases = (
				B4E31C8D2AF63D620030DD44 /* Sources */,
				B4E31C8E2AF63D620030DD44 /* Frameworks */,
				B4E31C8F2AF63D620030DD44 /* Resources */,
			);
			buildRules = (
			);
			dependencies = (
				B4E31C932AF63D620030DD44 /* PBXTargetDependency */,
			);
			name = DrawingAppTests;
			productName = DrawingAppTests;
			productReference = B4E31C912AF63D620030DD44 /* DrawingAppTests.xctest */;
			productType = "com.apple.product-type.bundle.unit-test";
		};
		B4E31C9A2AF63D620030DD44 /* DrawingAppUITests */ = {
			isa = PBXNativeTarget;
			buildConfigurationList = B4E31CAB2AF63D620030DD44 /* Build configuration list for PBXNativeTarget "DrawingAppUITests" */;
			buildPhases = (
				B4E31C972AF63D620030DD44 /* Sources */,
				B4E31C982AF63D620030DD44 /* Frameworks */,
				B4E31C992AF63D620030DD44 /* Resources */,
			);
			buildRules = (
			);
			dependencies = (
				B4E31C9D2AF63D620030DD44 /* PBXTargetDependency */,
			);
			name = DrawingAppUITests;
			productName = DrawingAppUITests;
			productReference = B4E31C9B2AF63D620030DD44 /* DrawingAppUITests.xctest */;
			productType = "com.apple.product-type.bundle.ui-testing";
		};
/* End PBXNativeTarget section */

/* Begin PBXProject section */
		B4E31C732AF63D600030DD44 /* Project object */ = {
			isa = PBXProject;
			attributes = {
				BuildIndependentTargetsInParallel = 1;
				LastSwiftUpdateCheck = 1500;
				LastUpgradeCheck = 1500;
				TargetAttributes = {
					B4E31C7A2AF63D600030DD44 = {
						CreatedOnToolsVersion = 15.0;
					};
					B4E31C902AF63D620030DD44 = {
						CreatedOnToolsVersion = 15.0;
						TestTargetID = B4E31C7A2AF63D600030DD44;
					};
					B4E31C9A2AF63D620030DD44 = {
						CreatedOnToolsVersion = 15.0;
						TestTargetID = B4E31C7A2AF63D600030DD44;
					};
				};
			};
			buildConfigurationList = B4E31C762AF63D600030DD44 /* Build configuration list for PBXProject "DrawingApp" */;
			compatibilityVersion = "Xcode 14.0";
			developmentRegion = en;
			hasScannedForEncodings = 0;
			knownRegions = (
				en,
				Base,
			);
			mainGroup = B4E31C722AF63D600030DD44;
			productRefGroup = B4E31C7C2AF63D600030DD44 /* Products */;
			projectDirPath = "";
			projectRoot = "";
			targets = (
				B4E31C7A2AF63D600030DD44 /* DrawingApp */,
				B4E31C902AF63D620030DD44 /* DrawingAppTests */,
				B4E31C9A2AF63D620030DD44 /* DrawingAppUITests */,
			);
		};
/* End PBXProject section */

/* Begin PBXResourcesBuildPhase section */
		B4E31C792AF63D600030DD44 /* Resources */ = {
			isa = PBXResourcesBuildPhase;
			buildActionMask = 2147483647;
			files = (
				B4E31C8B2AF63D620030DD44 /* LaunchScreen.storyboard in Resources */,
				B4E31C882AF63D620030DD44 /* Assets.xcassets in Resources */,
			);
			runOnlyForDeploymentPostprocessing = 0;
		};
		B4E31C8F2AF63D620030DD44 /* Resources */ = {
			isa = PBXResourcesBuildPhase;
			buildActionMask = 2147483647;
			files = (
			);
			runOnlyForDeploymentPostprocessing = 0;
		};
		B4E31C992AF63D620030DD44 /* Resources */ = {
			isa = PBXResourcesBuildPhase;
			buildActionMask = 2147483647;
			files = (
			);
			runOnlyForDeploymentPostprocessing = 0;
		};
/* End PBXResourcesBuildPhase section */

/* Begin PBXSourcesBuildPhase section */
		B4E31C772AF63D600030DD44 /* Sources */ = {
			isa = PBXSourcesBuildPhase;
			buildActionMask = 2147483647;
			files = (
				B4E31CB92AF65F1D0030DD44 /* BaseViewController.swift in Sources */,
				B4E31C832AF63D600030DD44 /* ViewController.swift in Sources */,
				B4E31CCF2AF690370030DD44 /* SquareManagementUseCaseImpl.swift in Sources */,
				B4E31CD12AF690430030DD44 /* SquareManagementUseCase.swift in Sources */,
				B4E31CB72AF658110030DD44 /* CreateButton.swift in Sources */,
				B4E31CC52AF683F00030DD44 /* ColorType.swift in Sources */,
				B4E31CC22AF682AB0030DD44 /* Square.swift in Sources */,
				B4E31CD32AF69C860030DD44 /* Constants.swift in Sources */,
				B4E31CCA2AF685580030DD44 /* SquareSelectionUseCaseImpl.swift in Sources */,
				B4E31CBD2AF67C0B0030DD44 /* SquareView.swift in Sources */,
				B4E31CCD2AF6882F0030DD44 /* SquareSelectionUseCase.swift in Sources */,
				B4E31C7F2AF63D600030DD44 /* AppDelegate.swift in Sources */,
				B4E31C812AF63D600030DD44 /* SceneDelegate.swift in Sources */,
			);
			runOnlyForDeploymentPostprocessing = 0;
		};
		B4E31C8D2AF63D620030DD44 /* Sources */ = {
			isa = PBXSourcesBuildPhase;
			buildActionMask = 2147483647;
			files = (
				B4E31C962AF63D620030DD44 /* DrawingAppTests.swift in Sources */,
				B4E31CD82AF754690030DD44 /* SquareManagementTests.swift in Sources */,
			);
			runOnlyForDeploymentPostprocessing = 0;
		};
		B4E31C972AF63D620030DD44 /* Sources */ = {
			isa = PBXSourcesBuildPhase;
			buildActionMask = 2147483647;
			files = (
				B4E31CA02AF63D620030DD44 /* DrawingAppUITests.swift in Sources */,
				B4E31CA22AF63D620030DD44 /* DrawingAppUITestsLaunchTests.swift in Sources */,
			);
			runOnlyForDeploymentPostprocessing = 0;
		};
/* End PBXSourcesBuildPhase section */

/* Begin PBXTargetDependency section */
		B4E31C932AF63D620030DD44 /* PBXTargetDependency */ = {
			isa = PBXTargetDependency;
			target = B4E31C7A2AF63D600030DD44 /* DrawingApp */;
			targetProxy = B4E31C922AF63D620030DD44 /* PBXContainerItemProxy */;
		};
		B4E31C9D2AF63D620030DD44 /* PBXTargetDependency */ = {
			isa = PBXTargetDependency;
			target = B4E31C7A2AF63D600030DD44 /* DrawingApp */;
			targetProxy = B4E31C9C2AF63D620030DD44 /* PBXContainerItemProxy */;
		};
/* End PBXTargetDependency section */

/* Begin PBXVariantGroup section */
		B4E31C892AF63D620030DD44 /* LaunchScreen.storyboard */ = {
			isa = PBXVariantGroup;
			children = (
				B4E31C8A2AF63D620030DD44 /* Base */,
			);
			name = LaunchScreen.storyboard;
			sourceTree = "<group>";
		};
/* End PBXVariantGroup section */

/* Begin XCBuildConfiguration section */
		B4E31CA32AF63D620030DD44 /* Debug */ = {
			isa = XCBuildConfiguration;
			buildSettings = {
				ALWAYS_SEARCH_USER_PATHS = NO;
				ASSETCATALOG_COMPILER_GENERATE_SWIFT_ASSET_SYMBOL_EXTENSIONS = YES;
				CLANG_ANALYZER_NONNULL = YES;
				CLANG_ANALYZER_NUMBER_OBJECT_CONVERSION = YES_AGGRESSIVE;
				CLANG_CXX_LANGUAGE_STANDARD = "gnu++20";
				CLANG_ENABLE_MODULES = YES;
				CLANG_ENABLE_OBJC_ARC = YES;
				CLANG_ENABLE_OBJC_WEAK = YES;
				CLANG_WARN_BLOCK_CAPTURE_AUTORELEASING = YES;
				CLANG_WARN_BOOL_CONVERSION = YES;
				CLANG_WARN_COMMA = YES;
				CLANG_WARN_CONSTANT_CONVERSION = YES;
				CLANG_WARN_DEPRECATED_OBJC_IMPLEMENTATIONS = YES;
				CLANG_WARN_DIRECT_OBJC_ISA_USAGE = YES_ERROR;
				CLANG_WARN_DOCUMENTATION_COMMENTS = YES;
				CLANG_WARN_EMPTY_BODY = YES;
				CLANG_WARN_ENUM_CONVERSION = YES;
				CLANG_WARN_INFINITE_RECURSION = YES;
				CLANG_WARN_INT_CONVERSION = YES;
				CLANG_WARN_NON_LITERAL_NULL_CONVERSION = YES;
				CLANG_WARN_OBJC_IMPLICIT_RETAIN_SELF = YES;
				CLANG_WARN_OBJC_LITERAL_CONVERSION = YES;
				CLANG_WARN_OBJC_ROOT_CLASS = YES_ERROR;
				CLANG_WARN_QUOTED_INCLUDE_IN_FRAMEWORK_HEADER = YES;
				CLANG_WARN_RANGE_LOOP_ANALYSIS = YES;
				CLANG_WARN_STRICT_PROTOTYPES = YES;
				CLANG_WARN_SUSPICIOUS_MOVE = YES;
				CLANG_WARN_UNGUARDED_AVAILABILITY = YES_AGGRESSIVE;
				CLANG_WARN_UNREACHABLE_CODE = YES;
				CLANG_WARN__DUPLICATE_METHOD_MATCH = YES;
				COPY_PHASE_STRIP = NO;
				DEBUG_INFORMATION_FORMAT = dwarf;
				ENABLE_STRICT_OBJC_MSGSEND = YES;
				ENABLE_TESTABILITY = YES;
				ENABLE_USER_SCRIPT_SANDBOXING = YES;
				GCC_C_LANGUAGE_STANDARD = gnu17;
				GCC_DYNAMIC_NO_PIC = NO;
				GCC_NO_COMMON_BLOCKS = YES;
				GCC_OPTIMIZATION_LEVEL = 0;
				GCC_PREPROCESSOR_DEFINITIONS = (
					"DEBUG=1",
					"$(inherited)",
				);
				GCC_WARN_64_TO_32_BIT_CONVERSION = YES;
				GCC_WARN_ABOUT_RETURN_TYPE = YES_ERROR;
				GCC_WARN_UNDECLARED_SELECTOR = YES;
				GCC_WARN_UNINITIALIZED_AUTOS = YES_AGGRESSIVE;
				GCC_WARN_UNUSED_FUNCTION = YES;
				GCC_WARN_UNUSED_VARIABLE = YES;
				IPHONEOS_DEPLOYMENT_TARGET = 17.0;
				LOCALIZATION_PREFERS_STRING_CATALOGS = YES;
				MTL_ENABLE_DEBUG_INFO = INCLUDE_SOURCE;
				MTL_FAST_MATH = YES;
				ONLY_ACTIVE_ARCH = YES;
				SDKROOT = iphoneos;
				SWIFT_ACTIVE_COMPILATION_CONDITIONS = "DEBUG $(inherited)";
				SWIFT_OPTIMIZATION_LEVEL = "-Onone";
			};
			name = Debug;
		};
		B4E31CA42AF63D620030DD44 /* Release */ = {
			isa = XCBuildConfiguration;
			buildSettings = {
				ALWAYS_SEARCH_USER_PATHS = NO;
				ASSETCATALOG_COMPILER_GENERATE_SWIFT_ASSET_SYMBOL_EXTENSIONS = YES;
				CLANG_ANALYZER_NONNULL = YES;
				CLANG_ANALYZER_NUMBER_OBJECT_CONVERSION = YES_AGGRESSIVE;
				CLANG_CXX_LANGUAGE_STANDARD = "gnu++20";
				CLANG_ENABLE_MODULES = YES;
				CLANG_ENABLE_OBJC_ARC = YES;
				CLANG_ENABLE_OBJC_WEAK = YES;
				CLANG_WARN_BLOCK_CAPTURE_AUTORELEASING = YES;
				CLANG_WARN_BOOL_CONVERSION = YES;
				CLANG_WARN_COMMA = YES;
				CLANG_WARN_CONSTANT_CONVERSION = YES;
				CLANG_WARN_DEPRECATED_OBJC_IMPLEMENTATIONS = YES;
				CLANG_WARN_DIRECT_OBJC_ISA_USAGE = YES_ERROR;
				CLANG_WARN_DOCUMENTATION_COMMENTS = YES;
				CLANG_WARN_EMPTY_BODY = YES;
				CLANG_WARN_ENUM_CONVERSION = YES;
				CLANG_WARN_INFINITE_RECURSION = YES;
				CLANG_WARN_INT_CONVERSION = YES;
				CLANG_WARN_NON_LITERAL_NULL_CONVERSION = YES;
				CLANG_WARN_OBJC_IMPLICIT_RETAIN_SELF = YES;
				CLANG_WARN_OBJC_LITERAL_CONVERSION = YES;
				CLANG_WARN_OBJC_ROOT_CLASS = YES_ERROR;
				CLANG_WARN_QUOTED_INCLUDE_IN_FRAMEWORK_HEADER = YES;
				CLANG_WARN_RANGE_LOOP_ANALYSIS = YES;
				CLANG_WARN_STRICT_PROTOTYPES = YES;
				CLANG_WARN_SUSPICIOUS_MOVE = YES;
				CLANG_WARN_UNGUARDED_AVAILABILITY = YES_AGGRESSIVE;
				CLANG_WARN_UNREACHABLE_CODE = YES;
				CLANG_WARN__DUPLICATE_METHOD_MATCH = YES;
				COPY_PHASE_STRIP = NO;
				DEBUG_INFORMATION_FORMAT = "dwarf-with-dsym";
				ENABLE_NS_ASSERTIONS = NO;
				ENABLE_STRICT_OBJC_MSGSEND = YES;
				ENABLE_USER_SCRIPT_SANDBOXING = YES;
				GCC_C_LANGUAGE_STANDARD = gnu17;
				GCC_NO_COMMON_BLOCKS = YES;
				GCC_WARN_64_TO_32_BIT_CONVERSION = YES;
				GCC_WARN_ABOUT_RETURN_TYPE = YES_ERROR;
				GCC_WARN_UNDECLARED_SELECTOR = YES;
				GCC_WARN_UNINITIALIZED_AUTOS = YES_AGGRESSIVE;
				GCC_WARN_UNUSED_FUNCTION = YES;
				GCC_WARN_UNUSED_VARIABLE = YES;
				IPHONEOS_DEPLOYMENT_TARGET = 17.0;
				LOCALIZATION_PREFERS_STRING_CATALOGS = YES;
				MTL_ENABLE_DEBUG_INFO = NO;
				MTL_FAST_MATH = YES;
				SDKROOT = iphoneos;
				SWIFT_COMPILATION_MODE = wholemodule;
				VALIDATE_PRODUCT = YES;
			};
			name = Release;
		};
		B4E31CA62AF63D620030DD44 /* Debug */ = {
			isa = XCBuildConfiguration;
			buildSettings = {
				ASSETCATALOG_COMPILER_APPICON_NAME = AppIcon;
				ASSETCATALOG_COMPILER_GLOBAL_ACCENT_COLOR_NAME = AccentColor;
				CODE_SIGN_STYLE = Automatic;
				CURRENT_PROJECT_VERSION = 1;
				DEVELOPMENT_TEAM = 7MS89TXQ5T;
				GENERATE_INFOPLIST_FILE = YES;
				INFOPLIST_FILE = DrawingApp/Resources/Info.plist;
				INFOPLIST_KEY_UIApplicationSupportsIndirectInputEvents = YES;
				INFOPLIST_KEY_UILaunchStoryboardName = LaunchScreen;
				INFOPLIST_KEY_UISupportedInterfaceOrientations_iPad = "UIInterfaceOrientationPortrait UIInterfaceOrientationPortraitUpsideDown UIInterfaceOrientationLandscapeLeft UIInterfaceOrientationLandscapeRight";
				INFOPLIST_KEY_UISupportedInterfaceOrientations_iPhone = "UIInterfaceOrientationPortrait UIInterfaceOrientationLandscapeLeft UIInterfaceOrientationLandscapeRight";
				LD_RUNPATH_SEARCH_PATHS = (
					"$(inherited)",
					"@executable_path/Frameworks",
				);
				MARKETING_VERSION = 1.0;
				PRODUCT_BUNDLE_IDENTIFIER = camosss.DrawingApp;
				PRODUCT_NAME = "$(TARGET_NAME)";
				SWIFT_EMIT_LOC_STRINGS = YES;
				SWIFT_VERSION = 5.0;
				TARGETED_DEVICE_FAMILY = "1,2";
			};
			name = Debug;
		};
		B4E31CA72AF63D620030DD44 /* Release */ = {
			isa = XCBuildConfiguration;
			buildSettings = {
				ASSETCATALOG_COMPILER_APPICON_NAME = AppIcon;
				ASSETCATALOG_COMPILER_GLOBAL_ACCENT_COLOR_NAME = AccentColor;
				CODE_SIGN_STYLE = Automatic;
				CURRENT_PROJECT_VERSION = 1;
				DEVELOPMENT_TEAM = 7MS89TXQ5T;
				GENERATE_INFOPLIST_FILE = YES;
				INFOPLIST_FILE = DrawingApp/Resources/Info.plist;
				INFOPLIST_KEY_UIApplicationSupportsIndirectInputEvents = YES;
				INFOPLIST_KEY_UILaunchStoryboardName = LaunchScreen;
				INFOPLIST_KEY_UISupportedInterfaceOrientations_iPad = "UIInterfaceOrientationPortrait UIInterfaceOrientationPortraitUpsideDown UIInterfaceOrientationLandscapeLeft UIInterfaceOrientationLandscapeRight";
				INFOPLIST_KEY_UISupportedInterfaceOrientations_iPhone = "UIInterfaceOrientationPortrait UIInterfaceOrientationLandscapeLeft UIInterfaceOrientationLandscapeRight";
				LD_RUNPATH_SEARCH_PATHS = (
					"$(inherited)",
					"@executable_path/Frameworks",
				);
				MARKETING_VERSION = 1.0;
				PRODUCT_BUNDLE_IDENTIFIER = camosss.DrawingApp;
				PRODUCT_NAME = "$(TARGET_NAME)";
				SWIFT_EMIT_LOC_STRINGS = YES;
				SWIFT_VERSION = 5.0;
				TARGETED_DEVICE_FAMILY = "1,2";
			};
			name = Release;
		};
		B4E31CA92AF63D620030DD44 /* Debug */ = {
			isa = XCBuildConfiguration;
			buildSettings = {
				ALWAYS_EMBED_SWIFT_STANDARD_LIBRARIES = YES;
				BUNDLE_LOADER = "$(TEST_HOST)";
				CODE_SIGN_STYLE = Automatic;
				CURRENT_PROJECT_VERSION = 1;
				DEVELOPMENT_TEAM = 7MS89TXQ5T;
				GENERATE_INFOPLIST_FILE = YES;
				IPHONEOS_DEPLOYMENT_TARGET = 17.0;
				MARKETING_VERSION = 1.0;
				PRODUCT_BUNDLE_IDENTIFIER = camosss.DrawingAppTests;
				PRODUCT_NAME = "$(TARGET_NAME)";
				SWIFT_EMIT_LOC_STRINGS = NO;
				SWIFT_VERSION = 5.0;
				TARGETED_DEVICE_FAMILY = "1,2";
				TEST_HOST = "$(BUILT_PRODUCTS_DIR)/DrawingApp.app/$(BUNDLE_EXECUTABLE_FOLDER_PATH)/DrawingApp";
			};
			name = Debug;
		};
		B4E31CAA2AF63D620030DD44 /* Release */ = {
			isa = XCBuildConfiguration;
			buildSettings = {
				ALWAYS_EMBED_SWIFT_STANDARD_LIBRARIES = YES;
				BUNDLE_LOADER = "$(TEST_HOST)";
				CODE_SIGN_STYLE = Automatic;
				CURRENT_PROJECT_VERSION = 1;
				DEVELOPMENT_TEAM = 7MS89TXQ5T;
				GENERATE_INFOPLIST_FILE = YES;
				IPHONEOS_DEPLOYMENT_TARGET = 17.0;
				MARKETING_VERSION = 1.0;
				PRODUCT_BUNDLE_IDENTIFIER = camosss.DrawingAppTests;
				PRODUCT_NAME = "$(TARGET_NAME)";
				SWIFT_EMIT_LOC_STRINGS = NO;
				SWIFT_VERSION = 5.0;
				TARGETED_DEVICE_FAMILY = "1,2";
				TEST_HOST = "$(BUILT_PRODUCTS_DIR)/DrawingApp.app/$(BUNDLE_EXECUTABLE_FOLDER_PATH)/DrawingApp";
			};
			name = Release;
		};
		B4E31CAC2AF63D620030DD44 /* Debug */ = {
			isa = XCBuildConfiguration;
			buildSettings = {
				ALWAYS_EMBED_SWIFT_STANDARD_LIBRARIES = YES;
				CODE_SIGN_STYLE = Automatic;
				CURRENT_PROJECT_VERSION = 1;
				DEVELOPMENT_TEAM = 7MS89TXQ5T;
				GENERATE_INFOPLIST_FILE = YES;
				MARKETING_VERSION = 1.0;
				PRODUCT_BUNDLE_IDENTIFIER = camosss.DrawingAppUITests;
				PRODUCT_NAME = "$(TARGET_NAME)";
				SWIFT_EMIT_LOC_STRINGS = NO;
				SWIFT_VERSION = 5.0;
				TARGETED_DEVICE_FAMILY = "1,2";
				TEST_TARGET_NAME = DrawingApp;
			};
			name = Debug;
		};
		B4E31CAD2AF63D620030DD44 /* Release */ = {
			isa = XCBuildConfiguration;
			buildSettings = {
				ALWAYS_EMBED_SWIFT_STANDARD_LIBRARIES = YES;
				CODE_SIGN_STYLE = Automatic;
				CURRENT_PROJECT_VERSION = 1;
				DEVELOPMENT_TEAM = 7MS89TXQ5T;
				GENERATE_INFOPLIST_FILE = YES;
				MARKETING_VERSION = 1.0;
				PRODUCT_BUNDLE_IDENTIFIER = camosss.DrawingAppUITests;
				PRODUCT_NAME = "$(TARGET_NAME)";
				SWIFT_EMIT_LOC_STRINGS = NO;
				SWIFT_VERSION = 5.0;
				TARGETED_DEVICE_FAMILY = "1,2";
				TEST_TARGET_NAME = DrawingApp;
			};
			name = Release;
		};
/* End XCBuildConfiguration section */

/* Begin XCConfigurationList section */
		B4E31C762AF63D600030DD44 /* Build configuration list for PBXProject "DrawingApp" */ = {
			isa = XCConfigurationList;
			buildConfigurations = (
				B4E31CA32AF63D620030DD44 /* Debug */,
				B4E31CA42AF63D620030DD44 /* Release */,
			);
			defaultConfigurationIsVisible = 0;
			defaultConfigurationName = Release;
		};
		B4E31CA52AF63D620030DD44 /* Build configuration list for PBXNativeTarget "DrawingApp" */ = {
			isa = XCConfigurationList;
			buildConfigurations = (
				B4E31CA62AF63D620030DD44 /* Debug */,
				B4E31CA72AF63D620030DD44 /* Release */,
			);
			defaultConfigurationIsVisible = 0;
			defaultConfigurationName = Release;
		};
		B4E31CA82AF63D620030DD44 /* Build configuration list for PBXNativeTarget "DrawingAppTests" */ = {
			isa = XCConfigurationList;
			buildConfigurations = (
				B4E31CA92AF63D620030DD44 /* Debug */,
				B4E31CAA2AF63D620030DD44 /* Release */,
			);
			defaultConfigurationIsVisible = 0;
			defaultConfigurationName = Release;
		};
		B4E31CAB2AF63D620030DD44 /* Build configuration list for PBXNativeTarget "DrawingAppUITests" */ = {
			isa = XCConfigurationList;
			buildConfigurations = (
				B4E31CAC2AF63D620030DD44 /* Debug */,
				B4E31CAD2AF63D620030DD44 /* Release */,
			);
			defaultConfigurationIsVisible = 0;
			defaultConfigurationName = Release;
		};
/* End XCConfigurationList section */
	};
	rootObject = B4E31C732AF63D600030DD44 /* Project object */;
}
