// !$*UTF8*$!
{
	archiveVersion = 1;
	classes = {
	};
	objectVersion = 56;
	objects = {

/* Begin PBXBuildFile section */
		68C9ACAE2AF681BA000E8A36 /* AppDelegate.swift in Sources */ = {isa = PBXBuildFile; fileRef = 68C9ACAD2AF681BA000E8A36 /* AppDelegate.swift */; };
		68C9ACB02AF681BA000E8A36 /* ViewController.swift in Sources */ = {isa = PBXBuildFile; fileRef = 68C9ACAF2AF681BA000E8A36 /* ViewController.swift */; };
		68C9ACB22AF681BA000E8A36 /* Assets.xcassets in Resources */ = {isa = PBXBuildFile; fileRef = 68C9ACB12AF681BA000E8A36 /* Assets.xcassets */; };
		68C9ACB52AF681BA000E8A36 /* Main.storyboard in Resources */ = {isa = PBXBuildFile; fileRef = 68C9ACB32AF681BA000E8A36 /* Main.storyboard */; };
		68C9ACC02AF681BA000E8A36 /* DrawingTests.swift in Sources */ = {isa = PBXBuildFile; fileRef = 68C9ACBF2AF681BA000E8A36 /* DrawingTests.swift */; };
		68C9ACCA2AF681BA000E8A36 /* DrawingUITests.swift in Sources */ = {isa = PBXBuildFile; fileRef = 68C9ACC92AF681BA000E8A36 /* DrawingUITests.swift */; };
		68C9ACCC2AF681BA000E8A36 /* DrawingUITestsLaunchTests.swift in Sources */ = {isa = PBXBuildFile; fileRef = 68C9ACCB2AF681BA000E8A36 /* DrawingUITestsLaunchTests.swift */; };
/* End PBXBuildFile section */

/* Begin PBXContainerItemProxy section */
		68C9ACBC2AF681BA000E8A36 /* PBXContainerItemProxy */ = {
			isa = PBXContainerItemProxy;
			containerPortal = 68C9ACA22AF681BA000E8A36 /* Project object */;
			proxyType = 1;
			remoteGlobalIDString = 68C9ACA92AF681BA000E8A36;
			remoteInfo = Drawing;
		};
		68C9ACC62AF681BA000E8A36 /* PBXContainerItemProxy */ = {
			isa = PBXContainerItemProxy;
			containerPortal = 68C9ACA22AF681BA000E8A36 /* Project object */;
			proxyType = 1;
			remoteGlobalIDString = 68C9ACA92AF681BA000E8A36;
			remoteInfo = Drawing;
		};
/* End PBXContainerItemProxy section */

/* Begin PBXFileReference section */
		68C9ACAA2AF681BA000E8A36 /* Drawing.app */ = {isa = PBXFileReference; explicitFileType = wrapper.application; includeInIndex = 0; path = Drawing.app; sourceTree = BUILT_PRODUCTS_DIR; };
		68C9ACAD2AF681BA000E8A36 /* AppDelegate.swift */ = {isa = PBXFileReference; lastKnownFileType = sourcecode.swift; path = AppDelegate.swift; sourceTree = "<group>"; };
		68C9ACAF2AF681BA000E8A36 /* ViewController.swift */ = {isa = PBXFileReference; lastKnownFileType = sourcecode.swift; path = ViewController.swift; sourceTree = "<group>"; };
		68C9ACB12AF681BA000E8A36 /* Assets.xcassets */ = {isa = PBXFileReference; lastKnownFileType = folder.assetcatalog; path = Assets.xcassets; sourceTree = "<group>"; };
		68C9ACB42AF681BA000E8A36 /* Base */ = {isa = PBXFileReference; lastKnownFileType = file.storyboard; name = Base; path = Base.lproj/Main.storyboard; sourceTree = "<group>"; };
		68C9ACB62AF681BA000E8A36 /* Drawing.entitlements */ = {isa = PBXFileReference; lastKnownFileType = text.plist.entitlements; path = Drawing.entitlements; sourceTree = "<group>"; };
		68C9ACBB2AF681BA000E8A36 /* DrawingTests.xctest */ = {isa = PBXFileReference; explicitFileType = wrapper.cfbundle; includeInIndex = 0; path = DrawingTests.xctest; sourceTree = BUILT_PRODUCTS_DIR; };
		68C9ACBF2AF681BA000E8A36 /* DrawingTests.swift */ = {isa = PBXFileReference; lastKnownFileType = sourcecode.swift; path = DrawingTests.swift; sourceTree = "<group>"; };
		68C9ACC52AF681BA000E8A36 /* DrawingUITests.xctest */ = {isa = PBXFileReference; explicitFileType = wrapper.cfbundle; includeInIndex = 0; path = DrawingUITests.xctest; sourceTree = BUILT_PRODUCTS_DIR; };
		68C9ACC92AF681BA000E8A36 /* DrawingUITests.swift */ = {isa = PBXFileReference; lastKnownFileType = sourcecode.swift; path = DrawingUITests.swift; sourceTree = "<group>"; };
		68C9ACCB2AF681BA000E8A36 /* DrawingUITestsLaunchTests.swift */ = {isa = PBXFileReference; lastKnownFileType = sourcecode.swift; path = DrawingUITestsLaunchTests.swift; sourceTree = "<group>"; };
/* End PBXFileReference section */

/* Begin PBXFrameworksBuildPhase section */
		68C9ACA72AF681BA000E8A36 /* Frameworks */ = {
			isa = PBXFrameworksBuildPhase;
			buildActionMask = 2147483647;
			files = (
			);
			runOnlyForDeploymentPostprocessing = 0;
		};
		68C9ACB82AF681BA000E8A36 /* Frameworks */ = {
			isa = PBXFrameworksBuildPhase;
			buildActionMask = 2147483647;
			files = (
			);
			runOnlyForDeploymentPostprocessing = 0;
		};
		68C9ACC22AF681BA000E8A36 /* Frameworks */ = {
			isa = PBXFrameworksBuildPhase;
			buildActionMask = 2147483647;
			files = (
			);
			runOnlyForDeploymentPostprocessing = 0;
		};
/* End PBXFrameworksBuildPhase section */

/* Begin PBXGroup section */
		68C9ACA12AF681BA000E8A36 = {
			isa = PBXGroup;
			children = (
				68C9ACAC2AF681BA000E8A36 /* Drawing */,
				68C9ACBE2AF681BA000E8A36 /* DrawingTests */,
				68C9ACC82AF681BA000E8A36 /* DrawingUITests */,
				68C9ACAB2AF681BA000E8A36 /* Products */,
			);
			sourceTree = "<group>";
		};
		68C9ACAB2AF681BA000E8A36 /* Products */ = {
			isa = PBXGroup;
			children = (
				68C9ACAA2AF681BA000E8A36 /* Drawing.app */,
				68C9ACBB2AF681BA000E8A36 /* DrawingTests.xctest */,
				68C9ACC52AF681BA000E8A36 /* DrawingUITests.xctest */,
			);
			name = Products;
			sourceTree = "<group>";
		};
		68C9ACAC2AF681BA000E8A36 /* Drawing */ = {
			isa = PBXGroup;
			children = (
				68C9ACAD2AF681BA000E8A36 /* AppDelegate.swift */,
				68C9ACAF2AF681BA000E8A36 /* ViewController.swift */,
				68C9ACB12AF681BA000E8A36 /* Assets.xcassets */,
				68C9ACB32AF681BA000E8A36 /* Main.storyboard */,
				68C9ACB62AF681BA000E8A36 /* Drawing.entitlements */,
			);
			path = Drawing;
			sourceTree = "<group>";
		};
		68C9ACBE2AF681BA000E8A36 /* DrawingTests */ = {
			isa = PBXGroup;
			children = (
				68C9ACBF2AF681BA000E8A36 /* DrawingTests.swift */,
			);
			path = DrawingTests;
			sourceTree = "<group>";
		};
		68C9ACC82AF681BA000E8A36 /* DrawingUITests */ = {
			isa = PBXGroup;
			children = (
				68C9ACC92AF681BA000E8A36 /* DrawingUITests.swift */,
				68C9ACCB2AF681BA000E8A36 /* DrawingUITestsLaunchTests.swift */,
			);
			path = DrawingUITests;
			sourceTree = "<group>";
		};
/* End PBXGroup section */

/* Begin PBXNativeTarget section */
		68C9ACA92AF681BA000E8A36 /* Drawing */ = {
			isa = PBXNativeTarget;
			buildConfigurationList = 68C9ACCF2AF681BA000E8A36 /* Build configuration list for PBXNativeTarget "Drawing" */;
			buildPhases = (
				68C9ACA62AF681BA000E8A36 /* Sources */,
				68C9ACA72AF681BA000E8A36 /* Frameworks */,
				68C9ACA82AF681BA000E8A36 /* Resources */,
			);
			buildRules = (
			);
			dependencies = (
			);
			name = Drawing;
			productName = Drawing;
			productReference = 68C9ACAA2AF681BA000E8A36 /* Drawing.app */;
			productType = "com.apple.product-type.application";
		};
		68C9ACBA2AF681BA000E8A36 /* DrawingTests */ = {
			isa = PBXNativeTarget;
			buildConfigurationList = 68C9ACD22AF681BA000E8A36 /* Build configuration list for PBXNativeTarget "DrawingTests" */;
			buildPhases = (
				68C9ACB72AF681BA000E8A36 /* Sources */,
				68C9ACB82AF681BA000E8A36 /* Frameworks */,
				68C9ACB92AF681BA000E8A36 /* Resources */,
			);
			buildRules = (
			);
			dependencies = (
				68C9ACBD2AF681BA000E8A36 /* PBXTargetDependency */,
			);
			name = DrawingTests;
			productName = DrawingTests;
			productReference = 68C9ACBB2AF681BA000E8A36 /* DrawingTests.xctest */;
			productType = "com.apple.product-type.bundle.unit-test";
		};
		68C9ACC42AF681BA000E8A36 /* DrawingUITests */ = {
			isa = PBXNativeTarget;
			buildConfigurationList = 68C9ACD52AF681BA000E8A36 /* Build configuration list for PBXNativeTarget "DrawingUITests" */;
			buildPhases = (
				68C9ACC12AF681BA000E8A36 /* Sources */,
				68C9ACC22AF681BA000E8A36 /* Frameworks */,
				68C9ACC32AF681BA000E8A36 /* Resources */,
			);
			buildRules = (
			);
			dependencies = (
				68C9ACC72AF681BA000E8A36 /* PBXTargetDependency */,
			);
			name = DrawingUITests;
			productName = DrawingUITests;
			productReference = 68C9ACC52AF681BA000E8A36 /* DrawingUITests.xctest */;
			productType = "com.apple.product-type.bundle.ui-testing";
		};
/* End PBXNativeTarget section */

/* Begin PBXProject section */
		68C9ACA22AF681BA000E8A36 /* Project object */ = {
			isa = PBXProject;
			attributes = {
				BuildIndependentTargetsInParallel = 1;
				LastSwiftUpdateCheck = 1430;
				LastUpgradeCheck = 1430;
				TargetAttributes = {
					68C9ACA92AF681BA000E8A36 = {
						CreatedOnToolsVersion = 14.3;
					};
					68C9ACBA2AF681BA000E8A36 = {
						CreatedOnToolsVersion = 14.3;
						TestTargetID = 68C9ACA92AF681BA000E8A36;
					};
					68C9ACC42AF681BA000E8A36 = {
						CreatedOnToolsVersion = 14.3;
						TestTargetID = 68C9ACA92AF681BA000E8A36;
					};
				};
			};
			buildConfigurationList = 68C9ACA52AF681BA000E8A36 /* Build configuration list for PBXProject "Drawing" */;
			compatibilityVersion = "Xcode 14.0";
			developmentRegion = en;
			hasScannedForEncodings = 0;
			knownRegions = (
				en,
				Base,
			);
			mainGroup = 68C9ACA12AF681BA000E8A36;
			productRefGroup = 68C9ACAB2AF681BA000E8A36 /* Products */;
			projectDirPath = "";
			projectRoot = "";
			targets = (
				68C9ACA92AF681BA000E8A36 /* Drawing */,
				68C9ACBA2AF681BA000E8A36 /* DrawingTests */,
				68C9ACC42AF681BA000E8A36 /* DrawingUITests */,
			);
		};
/* End PBXProject section */

/* Begin PBXResourcesBuildPhase section */
		68C9ACA82AF681BA000E8A36 /* Resources */ = {
			isa = PBXResourcesBuildPhase;
			buildActionMask = 2147483647;
			files = (
				68C9ACB22AF681BA000E8A36 /* Assets.xcassets in Resources */,
				68C9ACB52AF681BA000E8A36 /* Main.storyboard in Resources */,
			);
			runOnlyForDeploymentPostprocessing = 0;
		};
		68C9ACB92AF681BA000E8A36 /* Resources */ = {
			isa = PBXResourcesBuildPhase;
			buildActionMask = 2147483647;
			files = (
			);
			runOnlyForDeploymentPostprocessing = 0;
		};
		68C9ACC32AF681BA000E8A36 /* Resources */ = {
			isa = PBXResourcesBuildPhase;
			buildActionMask = 2147483647;
			files = (
			);
			runOnlyForDeploymentPostprocessing = 0;
		};
/* End PBXResourcesBuildPhase section */

/* Begin PBXSourcesBuildPhase section */
		68C9ACA62AF681BA000E8A36 /* Sources */ = {
			isa = PBXSourcesBuildPhase;
			buildActionMask = 2147483647;
			files = (
				68C9ACB02AF681BA000E8A36 /* ViewController.swift in Sources */,
				68C9ACAE2AF681BA000E8A36 /* AppDelegate.swift in Sources */,
			);
			runOnlyForDeploymentPostprocessing = 0;
		};
		68C9ACB72AF681BA000E8A36 /* Sources */ = {
			isa = PBXSourcesBuildPhase;
			buildActionMask = 2147483647;
			files = (
				68C9ACC02AF681BA000E8A36 /* DrawingTests.swift in Sources */,
			);
			runOnlyForDeploymentPostprocessing = 0;
		};
		68C9ACC12AF681BA000E8A36 /* Sources */ = {
			isa = PBXSourcesBuildPhase;
			buildActionMask = 2147483647;
			files = (
				68C9ACCA2AF681BA000E8A36 /* DrawingUITests.swift in Sources */,
				68C9ACCC2AF681BA000E8A36 /* DrawingUITestsLaunchTests.swift in Sources */,
			);
			runOnlyForDeploymentPostprocessing = 0;
		};
/* End PBXSourcesBuildPhase section */

/* Begin PBXTargetDependency section */
		68C9ACBD2AF681BA000E8A36 /* PBXTargetDependency */ = {
			isa = PBXTargetDependency;
			target = 68C9ACA92AF681BA000E8A36 /* Drawing */;
			targetProxy = 68C9ACBC2AF681BA000E8A36 /* PBXContainerItemProxy */;
		};
		68C9ACC72AF681BA000E8A36 /* PBXTargetDependency */ = {
			isa = PBXTargetDependency;
			target = 68C9ACA92AF681BA000E8A36 /* Drawing */;
			targetProxy = 68C9ACC62AF681BA000E8A36 /* PBXContainerItemProxy */;
		};
/* End PBXTargetDependency section */

/* Begin PBXVariantGroup section */
		68C9ACB32AF681BA000E8A36 /* Main.storyboard */ = {
			isa = PBXVariantGroup;
			children = (
				68C9ACB42AF681BA000E8A36 /* Base */,
			);
			name = Main.storyboard;
			sourceTree = "<group>";
		};
/* End PBXVariantGroup section */

/* Begin XCBuildConfiguration section */
		68C9ACCD2AF681BA000E8A36 /* Debug */ = {
			isa = XCBuildConfiguration;
			buildSettings = {
				ALWAYS_SEARCH_USER_PATHS = NO;
				CLANG_ANALYZER_NONNULL = YES;
				CLANG_ANALYZER_NUMBER_OBJECT_CONVERSION = YES_AGGRESSIVE;
				CLANG_CXX_LANGUAGE_STANDARD = "gnu++20";
				CLANG_ENABLE_MODULES = YES;
				CLANG_ENABLE_OBJC_ARC = YES;
				CLANG_ENABLE_OBJC_WEAK = YES;
				CLANG_WARN_BLOCK_CAPTURE_AUTORELEASING = YES;
				CLANG_WARN_BOOL_CONVERSION = YES;
				CLANG_WARN_COMMA = YES;
				CLANG_WARN_CONSTANT_CONVERSION = YES;
				CLANG_WARN_DEPRECATED_OBJC_IMPLEMENTATIONS = YES;
				CLANG_WARN_DIRECT_OBJC_ISA_USAGE = YES_ERROR;
				CLANG_WARN_DOCUMENTATION_COMMENTS = YES;
				CLANG_WARN_EMPTY_BODY = YES;
				CLANG_WARN_ENUM_CONVERSION = YES;
				CLANG_WARN_INFINITE_RECURSION = YES;
				CLANG_WARN_INT_CONVERSION = YES;
				CLANG_WARN_NON_LITERAL_NULL_CONVERSION = YES;
				CLANG_WARN_OBJC_IMPLICIT_RETAIN_SELF = YES;
				CLANG_WARN_OBJC_LITERAL_CONVERSION = YES;
				CLANG_WARN_OBJC_ROOT_CLASS = YES_ERROR;
				CLANG_WARN_QUOTED_INCLUDE_IN_FRAMEWORK_HEADER = YES;
				CLANG_WARN_RANGE_LOOP_ANALYSIS = YES;
				CLANG_WARN_STRICT_PROTOTYPES = YES;
				CLANG_WARN_SUSPICIOUS_MOVE = YES;
				CLANG_WARN_UNGUARDED_AVAILABILITY = YES_AGGRESSIVE;
				CLANG_WARN_UNREACHABLE_CODE = YES;
				CLANG_WARN__DUPLICATE_METHOD_MATCH = YES;
				COPY_PHASE_STRIP = NO;
				DEBUG_INFORMATION_FORMAT = dwarf;
				ENABLE_STRICT_OBJC_MSGSEND = YES;
				ENABLE_TESTABILITY = YES;
				GCC_C_LANGUAGE_STANDARD = gnu11;
				GCC_DYNAMIC_NO_PIC = NO;
				GCC_NO_COMMON_BLOCKS = YES;
				GCC_OPTIMIZATION_LEVEL = 0;
				GCC_PREPROCESSOR_DEFINITIONS = (
					"DEBUG=1",
					"$(inherited)",
				);
				GCC_WARN_64_TO_32_BIT_CONVERSION = YES;
				GCC_WARN_ABOUT_RETURN_TYPE = YES_ERROR;
				GCC_WARN_UNDECLARED_SELECTOR = YES;
				GCC_WARN_UNINITIALIZED_AUTOS = YES_AGGRESSIVE;
				GCC_WARN_UNUSED_FUNCTION = YES;
				GCC_WARN_UNUSED_VARIABLE = YES;
				MACOSX_DEPLOYMENT_TARGET = 13.0;
				MTL_ENABLE_DEBUG_INFO = INCLUDE_SOURCE;
				MTL_FAST_MATH = YES;
				ONLY_ACTIVE_ARCH = YES;
				SDKROOT = macosx;
				SWIFT_ACTIVE_COMPILATION_CONDITIONS = DEBUG;
				SWIFT_OPTIMIZATION_LEVEL = "-Onone";
			};
			name = Debug;
		};
		68C9ACCE2AF681BA000E8A36 /* Release */ = {
			isa = XCBuildConfiguration;
			buildSettings = {
				ALWAYS_SEARCH_USER_PATHS = NO;
				CLANG_ANALYZER_NONNULL = YES;
				CLANG_ANALYZER_NUMBER_OBJECT_CONVERSION = YES_AGGRESSIVE;
				CLANG_CXX_LANGUAGE_STANDARD = "gnu++20";
				CLANG_ENABLE_MODULES = YES;
				CLANG_ENABLE_OBJC_ARC = YES;
				CLANG_ENABLE_OBJC_WEAK = YES;
				CLANG_WARN_BLOCK_CAPTURE_AUTORELEASING = YES;
				CLANG_WARN_BOOL_CONVERSION = YES;
				CLANG_WARN_COMMA = YES;
				CLANG_WARN_CONSTANT_CONVERSION = YES;
				CLANG_WARN_DEPRECATED_OBJC_IMPLEMENTATIONS = YES;
				CLANG_WARN_DIRECT_OBJC_ISA_USAGE = YES_ERROR;
				CLANG_WARN_DOCUMENTATION_COMMENTS = YES;
				CLANG_WARN_EMPTY_BODY = YES;
				CLANG_WARN_ENUM_CONVERSION = YES;
				CLANG_WARN_INFINITE_RECURSION = YES;
				CLANG_WARN_INT_CONVERSION = YES;
				CLANG_WARN_NON_LITERAL_NULL_CONVERSION = YES;
				CLANG_WARN_OBJC_IMPLICIT_RETAIN_SELF = YES;
				CLANG_WARN_OBJC_LITERAL_CONVERSION = YES;
				CLANG_WARN_OBJC_ROOT_CLASS = YES_ERROR;
				CLANG_WARN_QUOTED_INCLUDE_IN_FRAMEWORK_HEADER = YES;
				CLANG_WARN_RANGE_LOOP_ANALYSIS = YES;
				CLANG_WARN_STRICT_PROTOTYPES = YES;
				CLANG_WARN_SUSPICIOUS_MOVE = YES;
				CLANG_WARN_UNGUARDED_AVAILABILITY = YES_AGGRESSIVE;
				CLANG_WARN_UNREACHABLE_CODE = YES;
				CLANG_WARN__DUPLICATE_METHOD_MATCH = YES;
				COPY_PHASE_STRIP = NO;
				DEBUG_INFORMATION_FORMAT = "dwarf-with-dsym";
				ENABLE_NS_ASSERTIONS = NO;
				ENABLE_STRICT_OBJC_MSGSEND = YES;
				GCC_C_LANGUAGE_STANDARD = gnu11;
				GCC_NO_COMMON_BLOCKS = YES;
				GCC_WARN_64_TO_32_BIT_CONVERSION = YES;
				GCC_WARN_ABOUT_RETURN_TYPE = YES_ERROR;
				GCC_WARN_UNDECLARED_SELECTOR = YES;
				GCC_WARN_UNINITIALIZED_AUTOS = YES_AGGRESSIVE;
				GCC_WARN_UNUSED_FUNCTION = YES;
				GCC_WARN_UNUSED_VARIABLE = YES;
				MACOSX_DEPLOYMENT_TARGET = 13.0;
				MTL_ENABLE_DEBUG_INFO = NO;
				MTL_FAST_MATH = YES;
				SDKROOT = macosx;
				SWIFT_COMPILATION_MODE = wholemodule;
				SWIFT_OPTIMIZATION_LEVEL = "-O";
			};
			name = Release;
		};
		68C9ACD02AF681BA000E8A36 /* Debug */ = {
			isa = XCBuildConfiguration;
			buildSettings = {
				ASSETCATALOG_COMPILER_APPICON_NAME = AppIcon;
				ASSETCATALOG_COMPILER_GLOBAL_ACCENT_COLOR_NAME = AccentColor;
				CODE_SIGN_ENTITLEMENTS = Drawing/Drawing.entitlements;
				CODE_SIGN_STYLE = Automatic;
				COMBINE_HIDPI_IMAGES = YES;
				CURRENT_PROJECT_VERSION = 1;
				GENERATE_INFOPLIST_FILE = YES;
				INFOPLIST_KEY_NSHumanReadableCopyright = "";
				INFOPLIST_KEY_NSMainStoryboardFile = Main;
				INFOPLIST_KEY_NSPrincipalClass = NSApplication;
				LD_RUNPATH_SEARCH_PATHS = (
					"$(inherited)",
					"@executable_path/../Frameworks",
				);
				MARKETING_VERSION = 1.0;
				PRODUCT_BUNDLE_IDENTIFIER = ann.beckwon.Drawing;
				PRODUCT_NAME = "$(TARGET_NAME)";
				SWIFT_EMIT_LOC_STRINGS = YES;
				SWIFT_VERSION = 5.0;
			};
			name = Debug;
		};
		68C9ACD12AF681BA000E8A36 /* Release */ = {
			isa = XCBuildConfiguration;
			buildSettings = {
				ASSETCATALOG_COMPILER_APPICON_NAME = AppIcon;
				ASSETCATALOG_COMPILER_GLOBAL_ACCENT_COLOR_NAME = AccentColor;
				CODE_SIGN_ENTITLEMENTS = Drawing/Drawing.entitlements;
				CODE_SIGN_STYLE = Automatic;
				COMBINE_HIDPI_IMAGES = YES;
				CURRENT_PROJECT_VERSION = 1;
				GENERATE_INFOPLIST_FILE = YES;
				INFOPLIST_KEY_NSHumanReadableCopyright = "";
				INFOPLIST_KEY_NSMainStoryboardFile = Main;
				INFOPLIST_KEY_NSPrincipalClass = NSApplication;
				LD_RUNPATH_SEARCH_PATHS = (
					"$(inherited)",
					"@executable_path/../Frameworks",
				);
				MARKETING_VERSION = 1.0;
				PRODUCT_BUNDLE_IDENTIFIER = ann.beckwon.Drawing;
				PRODUCT_NAME = "$(TARGET_NAME)";
				SWIFT_EMIT_LOC_STRINGS = YES;
				SWIFT_VERSION = 5.0;
			};
			name = Release;
		};
		68C9ACD32AF681BA000E8A36 /* Debug */ = {
			isa = XCBuildConfiguration;
			buildSettings = {
				ALWAYS_EMBED_SWIFT_STANDARD_LIBRARIES = YES;
				BUNDLE_LOADER = "$(TEST_HOST)";
				CODE_SIGN_STYLE = Automatic;
				CURRENT_PROJECT_VERSION = 1;
				GENERATE_INFOPLIST_FILE = YES;
				MACOSX_DEPLOYMENT_TARGET = 13.0;
				MARKETING_VERSION = 1.0;
				PRODUCT_BUNDLE_IDENTIFIER = ann.beckwon.DrawingTests;
				PRODUCT_NAME = "$(TARGET_NAME)";
				SWIFT_EMIT_LOC_STRINGS = NO;
				SWIFT_VERSION = 5.0;
				TEST_HOST = "$(BUILT_PRODUCTS_DIR)/Drawing.app/$(BUNDLE_EXECUTABLE_FOLDER_PATH)/Drawing";
			};
			name = Debug;
		};
		68C9ACD42AF681BA000E8A36 /* Release */ = {
			isa = XCBuildConfiguration;
			buildSettings = {
				ALWAYS_EMBED_SWIFT_STANDARD_LIBRARIES = YES;
				BUNDLE_LOADER = "$(TEST_HOST)";
				CODE_SIGN_STYLE = Automatic;
				CURRENT_PROJECT_VERSION = 1;
				GENERATE_INFOPLIST_FILE = YES;
				MACOSX_DEPLOYMENT_TARGET = 13.0;
				MARKETING_VERSION = 1.0;
				PRODUCT_BUNDLE_IDENTIFIER = ann.beckwon.DrawingTests;
				PRODUCT_NAME = "$(TARGET_NAME)";
				SWIFT_EMIT_LOC_STRINGS = NO;
				SWIFT_VERSION = 5.0;
				TEST_HOST = "$(BUILT_PRODUCTS_DIR)/Drawing.app/$(BUNDLE_EXECUTABLE_FOLDER_PATH)/Drawing";
			};
			name = Release;
		};
		68C9ACD62AF681BA000E8A36 /* Debug */ = {
			isa = XCBuildConfiguration;
			buildSettings = {
				ALWAYS_EMBED_SWIFT_STANDARD_LIBRARIES = YES;
				CODE_SIGN_STYLE = Automatic;
				CURRENT_PROJECT_VERSION = 1;
				GENERATE_INFOPLIST_FILE = YES;
				MARKETING_VERSION = 1.0;
				PRODUCT_BUNDLE_IDENTIFIER = ann.beckwon.DrawingUITests;
				PRODUCT_NAME = "$(TARGET_NAME)";
				SWIFT_EMIT_LOC_STRINGS = NO;
				SWIFT_VERSION = 5.0;
				TEST_TARGET_NAME = Drawing;
			};
			name = Debug;
		};
		68C9ACD72AF681BA000E8A36 /* Release */ = {
			isa = XCBuildConfiguration;
			buildSettings = {
				ALWAYS_EMBED_SWIFT_STANDARD_LIBRARIES = YES;
				CODE_SIGN_STYLE = Automatic;
				CURRENT_PROJECT_VERSION = 1;
				GENERATE_INFOPLIST_FILE = YES;
				MARKETING_VERSION = 1.0;
				PRODUCT_BUNDLE_IDENTIFIER = ann.beckwon.DrawingUITests;
				PRODUCT_NAME = "$(TARGET_NAME)";
				SWIFT_EMIT_LOC_STRINGS = NO;
				SWIFT_VERSION = 5.0;
				TEST_TARGET_NAME = Drawing;
			};
			name = Release;
		};
/* End XCBuildConfiguration section */

/* Begin XCConfigurationList section */
		68C9ACA52AF681BA000E8A36 /* Build configuration list for PBXProject "Drawing" */ = {
			isa = XCConfigurationList;
			buildConfigurations = (
				68C9ACCD2AF681BA000E8A36 /* Debug */,
				68C9ACCE2AF681BA000E8A36 /* Release */,
			);
			defaultConfigurationIsVisible = 0;
			defaultConfigurationName = Release;
		};
		68C9ACCF2AF681BA000E8A36 /* Build configuration list for PBXNativeTarget "Drawing" */ = {
			isa = XCConfigurationList;
			buildConfigurations = (
				68C9ACD02AF681BA000E8A36 /* Debug */,
				68C9ACD12AF681BA000E8A36 /* Release */,
			);
			defaultConfigurationIsVisible = 0;
			defaultConfigurationName = Release;
		};
		68C9ACD22AF681BA000E8A36 /* Build configuration list for PBXNativeTarget "DrawingTests" */ = {
			isa = XCConfigurationList;
			buildConfigurations = (
				68C9ACD32AF681BA000E8A36 /* Debug */,
				68C9ACD42AF681BA000E8A36 /* Release */,
			);
			defaultConfigurationIsVisible = 0;
			defaultConfigurationName = Release;
		};
		68C9ACD52AF681BA000E8A36 /* Build configuration list for PBXNativeTarget "DrawingUITests" */ = {
			isa = XCConfigurationList;
			buildConfigurations = (
				68C9ACD62AF681BA000E8A36 /* Debug */,
				68C9ACD72AF681BA000E8A36 /* Release */,
			);
			defaultConfigurationIsVisible = 0;
			defaultConfigurationName = Release;
		};
/* End XCConfigurationList section */
	};
	rootObject = 68C9ACA22AF681BA000E8A36 /* Project object */;
}
