// !$*UTF8*$!
{
	archiveVersion = 1;
	classes = {
	};
	objectVersion = 56;
	objects = {

/* Begin PBXBuildFile section */
        779B4ACF2AFBAEF500CAC3B8 /* BoardViewModel.swift in Sources */ = {isa = PBXBuildFile; fileRef = 779B4ACE2AFBAEF500CAC3B8 /* BoardViewModel.swift */; };
        779B4AD22AFC653700CAC3B8 /* RectangleTests.swift in Sources */ = {isa = PBXBuildFile; fileRef = 779B4AD12AFC653700CAC3B8 /* RectangleTests.swift */; };
		77A16D5F2AFC80050028A5B7 /* Rectangle.swift in Sources */ = {isa = PBXBuildFile; fileRef = 77A16D5E2AFC80050028A5B7 /* Rectangle.swift */; };
		77A16D652AFC8E070028A5B7 /* Rectangle.swift in Sources */ = {isa = PBXBuildFile; fileRef = 77A16D5E2AFC80050028A5B7 /* Rectangle.swift */; };
		77A16D612AFC83550028A5B7 /* AddRectangleUseCase.swift in Sources */ = {isa = PBXBuildFile; fileRef = 77A16D602AFC83550028A5B7 /* AddRectangleUseCase.swift */; };
		77A16D632AFC837C0028A5B7 /* ColorPalette.swift in Sources */ = {isa = PBXBuildFile; fileRef = 77A16D622AFC837C0028A5B7 /* ColorPalette.swift */; };
		77AB2B492AF9CA6400BB16A2 /* ShapeView.swift in Sources */ = {isa = PBXBuildFile; fileRef = 77AB2B482AF9CA6400BB16A2 /* ShapeView.swift */; };
		77EBA46E2AF8FDF30032B86B /* AppDelegate.swift in Sources */ = {isa = PBXBuildFile; fileRef = 77EBA46D2AF8FDF30032B86B /* AppDelegate.swift */; };
		77EBA4702AF8FDF30032B86B /* SceneDelegate.swift in Sources */ = {isa = PBXBuildFile; fileRef = 77EBA46F2AF8FDF30032B86B /* SceneDelegate.swift */; };
		77EBA4722AF8FDF30032B86B /* BoardViewController.swift in Sources */ = {isa = PBXBuildFile; fileRef = 77EBA4712AF8FDF30032B86B /* BoardViewController.swift */; };
		77EBA4772AF8FDF30032B86B /* Assets.xcassets in Resources */ = {isa = PBXBuildFile; fileRef = 77EBA4762AF8FDF30032B86B /* Assets.xcassets */; };
		77EBA47A2AF8FDF30032B86B /* LaunchScreen.storyboard in Resources */ = {isa = PBXBuildFile; fileRef = 77EBA4782AF8FDF30032B86B /* LaunchScreen.storyboard */; };
		77EBA4852AF8FDF40032B86B /* SwiftDrawingAppTests.swift in Sources */ = {isa = PBXBuildFile; fileRef = 77EBA4842AF8FDF40032B86B /* SwiftDrawingAppTests.swift */; };
		77EBA48F2AF8FDF40032B86B /* SwiftDrawingAppUITests.swift in Sources */ = {isa = PBXBuildFile; fileRef = 77EBA48E2AF8FDF40032B86B /* SwiftDrawingAppUITests.swift */; };
		77EBA4912AF8FDF40032B86B /* SwiftDrawingAppUITestsLaunchTests.swift in Sources */ = {isa = PBXBuildFile; fileRef = 77EBA4902AF8FDF40032B86B /* SwiftDrawingAppUITestsLaunchTests.swift */; };
/* End PBXBuildFile section */

/* Begin PBXContainerItemProxy section */
		77EBA4812AF8FDF40032B86B /* PBXContainerItemProxy */ = {
			isa = PBXContainerItemProxy;
			containerPortal = 77EBA4622AF8FDF30032B86B /* Project object */;
			proxyType = 1;
			remoteGlobalIDString = 77EBA4692AF8FDF30032B86B;
			remoteInfo = SwiftDrawingApp;
		};
		77EBA48B2AF8FDF40032B86B /* PBXContainerItemProxy */ = {
			isa = PBXContainerItemProxy;
			containerPortal = 77EBA4622AF8FDF30032B86B /* Project object */;
			proxyType = 1;
			remoteGlobalIDString = 77EBA4692AF8FDF30032B86B;
			remoteInfo = SwiftDrawingApp;
		};
/* End PBXContainerItemProxy section */

/* Begin PBXFileReference section */
        779B4ACE2AFBAEF500CAC3B8 /* BoardViewModel.swift */ = {isa = PBXFileReference; lastKnownFileType = sourcecode.swift; path = BoardViewModel.swift; sourceTree = "<group>"; };
        779B4AD12AFC653700CAC3B8 /* RectangleTests.swift */ = {isa = PBXFileReference; lastKnownFileType = sourcecode.swift; path = RectangleTests.swift; sourceTree = "<group>"; };
		77A16D5E2AFC80050028A5B7 /* Rectangle.swift */ = {isa = PBXFileReference; lastKnownFileType = sourcecode.swift; path = Rectangle.swift; sourceTree = "<group>"; };
		77A16D602AFC83550028A5B7 /* AddRectangleUseCase.swift */ = {isa = PBXFileReference; lastKnownFileType = sourcecode.swift; path = AddRectangleUseCase.swift; sourceTree = "<group>"; };
		77A16D622AFC837C0028A5B7 /* ColorPalette.swift */ = {isa = PBXFileReference; lastKnownFileType = sourcecode.swift; path = ColorPalette.swift; sourceTree = "<group>"; };
		77AB2B482AF9CA6400BB16A2 /* ShapeView.swift */ = {isa = PBXFileReference; lastKnownFileType = sourcecode.swift; path = ShapeView.swift; sourceTree = "<group>"; };
		77EBA46A2AF8FDF30032B86B /* SwiftDrawingApp.app */ = {isa = PBXFileReference; explicitFileType = wrapper.application; includeInIndex = 0; path = SwiftDrawingApp.app; sourceTree = BUILT_PRODUCTS_DIR; };
		77EBA46D2AF8FDF30032B86B /* AppDelegate.swift */ = {isa = PBXFileReference; lastKnownFileType = sourcecode.swift; path = AppDelegate.swift; sourceTree = "<group>"; };
		77EBA46F2AF8FDF30032B86B /* SceneDelegate.swift */ = {isa = PBXFileReference; lastKnownFileType = sourcecode.swift; path = SceneDelegate.swift; sourceTree = "<group>"; };
		77EBA4712AF8FDF30032B86B /* BoardViewController.swift */ = {isa = PBXFileReference; lastKnownFileType = sourcecode.swift; path = BoardViewController.swift; sourceTree = "<group>"; };
		77EBA4762AF8FDF30032B86B /* Assets.xcassets */ = {isa = PBXFileReference; lastKnownFileType = folder.assetcatalog; path = Assets.xcassets; sourceTree = "<group>"; };
		77EBA4792AF8FDF30032B86B /* Base */ = {isa = PBXFileReference; lastKnownFileType = file.storyboard; name = Base; path = Base.lproj/LaunchScreen.storyboard; sourceTree = "<group>"; };
		77EBA47B2AF8FDF30032B86B /* Info.plist */ = {isa = PBXFileReference; lastKnownFileType = text.plist.xml; path = Info.plist; sourceTree = "<group>"; };
		77EBA4802AF8FDF40032B86B /* SwiftDrawingAppTests.xctest */ = {isa = PBXFileReference; explicitFileType = wrapper.cfbundle; includeInIndex = 0; path = SwiftDrawingAppTests.xctest; sourceTree = BUILT_PRODUCTS_DIR; };
		77EBA4842AF8FDF40032B86B /* SwiftDrawingAppTests.swift */ = {isa = PBXFileReference; lastKnownFileType = sourcecode.swift; path = SwiftDrawingAppTests.swift; sourceTree = "<group>"; };
		77EBA48A2AF8FDF40032B86B /* SwiftDrawingAppUITests.xctest */ = {isa = PBXFileReference; explicitFileType = wrapper.cfbundle; includeInIndex = 0; path = SwiftDrawingAppUITests.xctest; sourceTree = BUILT_PRODUCTS_DIR; };
		77EBA48E2AF8FDF40032B86B /* SwiftDrawingAppUITests.swift */ = {isa = PBXFileReference; lastKnownFileType = sourcecode.swift; path = SwiftDrawingAppUITests.swift; sourceTree = "<group>"; };
		77EBA4902AF8FDF40032B86B /* SwiftDrawingAppUITestsLaunchTests.swift */ = {isa = PBXFileReference; lastKnownFileType = sourcecode.swift; path = SwiftDrawingAppUITestsLaunchTests.swift; sourceTree = "<group>"; };
/* End PBXFileReference section */

/* Begin PBXFrameworksBuildPhase section */
		77EBA4672AF8FDF30032B86B /* Frameworks */ = {
			isa = PBXFrameworksBuildPhase;
			buildActionMask = 2147483647;
			files = (
			);
			runOnlyForDeploymentPostprocessing = 0;
		};
		77EBA47D2AF8FDF40032B86B /* Frameworks */ = {
			isa = PBXFrameworksBuildPhase;
			buildActionMask = 2147483647;
			files = (
			);
			runOnlyForDeploymentPostprocessing = 0;
		};
		77EBA4872AF8FDF40032B86B /* Frameworks */ = {
			isa = PBXFrameworksBuildPhase;
			buildActionMask = 2147483647;
			files = (
			);
			runOnlyForDeploymentPostprocessing = 0;
		};
/* End PBXFrameworksBuildPhase section */

/* Begin PBXGroup section */
		779F2BBD2AF902C70010818B /* SupportFiles */ = {
			isa = PBXGroup;
			children = (
				77EBA46D2AF8FDF30032B86B /* AppDelegate.swift */,
				77EBA46F2AF8FDF30032B86B /* SceneDelegate.swift */,
				77EBA4762AF8FDF30032B86B /* Assets.xcassets */,
				77EBA4782AF8FDF30032B86B /* LaunchScreen.storyboard */,
			);
			path = SupportFiles;
			sourceTree = "<group>";
		};
		77EBA4612AF8FDF30032B86B = {
			isa = PBXGroup;
			children = (
				77EBA46C2AF8FDF30032B86B /* SwiftDrawingApp */,
				77EBA4832AF8FDF40032B86B /* SwiftDrawingAppTests */,
				77EBA48D2AF8FDF40032B86B /* SwiftDrawingAppUITests */,
				77EBA46B2AF8FDF30032B86B /* Products */,
			);
			sourceTree = "<group>";
		};
		77EBA46B2AF8FDF30032B86B /* Products */ = {
			isa = PBXGroup;
			children = (
				77EBA46A2AF8FDF30032B86B /* SwiftDrawingApp.app */,
				77EBA4802AF8FDF40032B86B /* SwiftDrawingAppTests.xctest */,
				77EBA48A2AF8FDF40032B86B /* SwiftDrawingAppUITests.xctest */,
			);
			name = Products;
			sourceTree = "<group>";
		};
		77EBA46C2AF8FDF30032B86B /* SwiftDrawingApp */ = {
			isa = PBXGroup;
			children = (
				77A16D5E2AFC80050028A5B7 /* Rectangle.swift */,
				77AB2B482AF9CA6400BB16A2 /* ShapeView.swift */,
				77A16D622AFC837C0028A5B7 /* ColorPalette.swift */,
				77A16D602AFC83550028A5B7 /* AddRectangleUseCase.swift */,
				779B4ACE2AFBAEF500CAC3B8 /* BoardViewModel.swift */,
				77EBA4712AF8FDF30032B86B /* BoardViewController.swift */,
				77EBA47B2AF8FDF30032B86B /* Info.plist */,
				779F2BBD2AF902C70010818B /* SupportFiles */,
			);
			path = SwiftDrawingApp;
			sourceTree = "<group>";
		};
		77EBA4832AF8FDF40032B86B /* SwiftDrawingAppTests */ = {
			isa = PBXGroup;
			children = (
				77EBA4842AF8FDF40032B86B /* SwiftDrawingAppTests.swift */,
				779B4AD12AFC653700CAC3B8 /* RectangleTests.swift */,
			);
			path = SwiftDrawingAppTests;
			sourceTree = "<group>";
		};
		77EBA48D2AF8FDF40032B86B /* SwiftDrawingAppUITests */ = {
			isa = PBXGroup;
			children = (
				77EBA48E2AF8FDF40032B86B /* SwiftDrawingAppUITests.swift */,
				77EBA4902AF8FDF40032B86B /* SwiftDrawingAppUITestsLaunchTests.swift */,
			);
			path = SwiftDrawingAppUITests;
			sourceTree = "<group>";
		};
/* End PBXGroup section */

/* Begin PBXNativeTarget section */
		77EBA4692AF8FDF30032B86B /* SwiftDrawingApp */ = {
			isa = PBXNativeTarget;
			buildConfigurationList = 77EBA4942AF8FDF40032B86B /* Build configuration list for PBXNativeTarget "SwiftDrawingApp" */;
			buildPhases = (
				77EBA4662AF8FDF30032B86B /* Sources */,
				77EBA4672AF8FDF30032B86B /* Frameworks */,
				77EBA4682AF8FDF30032B86B /* Resources */,
			);
			buildRules = (
			);
			dependencies = (
			);
			name = SwiftDrawingApp;
			productName = SwiftDrawingApp;
			productReference = 77EBA46A2AF8FDF30032B86B /* SwiftDrawingApp.app */;
			productType = "com.apple.product-type.application";
		};
		77EBA47F2AF8FDF40032B86B /* SwiftDrawingAppTests */ = {
			isa = PBXNativeTarget;
			buildConfigurationList = 77EBA4972AF8FDF40032B86B /* Build configuration list for PBXNativeTarget "SwiftDrawingAppTests" */;
			buildPhases = (
				77EBA47C2AF8FDF40032B86B /* Sources */,
				77EBA47D2AF8FDF40032B86B /* Frameworks */,
				77EBA47E2AF8FDF40032B86B /* Resources */,
			);
			buildRules = (
			);
			dependencies = (
				77EBA4822AF8FDF40032B86B /* PBXTargetDependency */,
			);
			name = SwiftDrawingAppTests;
			productName = SwiftDrawingAppTests;
			productReference = 77EBA4802AF8FDF40032B86B /* SwiftDrawingAppTests.xctest */;
			productType = "com.apple.product-type.bundle.unit-test";
		};
		77EBA4892AF8FDF40032B86B /* SwiftDrawingAppUITests */ = {
			isa = PBXNativeTarget;
			buildConfigurationList = 77EBA49A2AF8FDF40032B86B /* Build configuration list for PBXNativeTarget "SwiftDrawingAppUITests" */;
			buildPhases = (
				77EBA4862AF8FDF40032B86B /* Sources */,
				77EBA4872AF8FDF40032B86B /* Frameworks */,
				77EBA4882AF8FDF40032B86B /* Resources */,
			);
			buildRules = (
			);
			dependencies = (
				77EBA48C2AF8FDF40032B86B /* PBXTargetDependency */,
			);
			name = SwiftDrawingAppUITests;
			productName = SwiftDrawingAppUITests;
			productReference = 77EBA48A2AF8FDF40032B86B /* SwiftDrawingAppUITests.xctest */;
			productType = "com.apple.product-type.bundle.ui-testing";
		};
/* End PBXNativeTarget section */

/* Begin PBXProject section */
		77EBA4622AF8FDF30032B86B /* Project object */ = {
			isa = PBXProject;
			attributes = {
				BuildIndependentTargetsInParallel = 1;
				LastSwiftUpdateCheck = 1500;
				LastUpgradeCheck = 1500;
				TargetAttributes = {
					77EBA4692AF8FDF30032B86B = {
						CreatedOnToolsVersion = 15.0.1;
					};
					77EBA47F2AF8FDF40032B86B = {
						CreatedOnToolsVersion = 15.0.1;
						TestTargetID = 77EBA4692AF8FDF30032B86B;
					};
					77EBA4892AF8FDF40032B86B = {
						CreatedOnToolsVersion = 15.0.1;
						TestTargetID = 77EBA4692AF8FDF30032B86B;
					};
				};
			};
			buildConfigurationList = 77EBA4652AF8FDF30032B86B /* Build configuration list for PBXProject "SwiftDrawingApp" */;
			compatibilityVersion = "Xcode 14.0";
			developmentRegion = en;
			hasScannedForEncodings = 0;
			knownRegions = (
				en,
				Base,
			);
			mainGroup = 77EBA4612AF8FDF30032B86B;
			productRefGroup = 77EBA46B2AF8FDF30032B86B /* Products */;
			projectDirPath = "";
			projectRoot = "";
			targets = (
				77EBA4692AF8FDF30032B86B /* SwiftDrawingApp */,
				77EBA47F2AF8FDF40032B86B /* SwiftDrawingAppTests */,
				77EBA4892AF8FDF40032B86B /* SwiftDrawingAppUITests */,
			);
		};
/* End PBXProject section */

/* Begin PBXResourcesBuildPhase section */
		77EBA4682AF8FDF30032B86B /* Resources */ = {
			isa = PBXResourcesBuildPhase;
			buildActionMask = 2147483647;
			files = (
				77EBA47A2AF8FDF30032B86B /* LaunchScreen.storyboard in Resources */,
				77EBA4772AF8FDF30032B86B /* Assets.xcassets in Resources */,
			);
			runOnlyForDeploymentPostprocessing = 0;
		};
		77EBA47E2AF8FDF40032B86B /* Resources */ = {
			isa = PBXResourcesBuildPhase;
			buildActionMask = 2147483647;
			files = (
			);
			runOnlyForDeploymentPostprocessing = 0;
		};
		77EBA4882AF8FDF40032B86B /* Resources */ = {
			isa = PBXResourcesBuildPhase;
			buildActionMask = 2147483647;
			files = (
			);
			runOnlyForDeploymentPostprocessing = 0;
		};
/* End PBXResourcesBuildPhase section */

/* Begin PBXSourcesBuildPhase section */
		77EBA4662AF8FDF30032B86B /* Sources */ = {
			isa = PBXSourcesBuildPhase;
			buildActionMask = 2147483647;
			files = (
				77A16D612AFC83550028A5B7 /* AddRectangleUseCase.swift in Sources */,
				77EBA4722AF8FDF30032B86B /* BoardViewController.swift in Sources */,
				77EBA46E2AF8FDF30032B86B /* AppDelegate.swift in Sources */,
				77A16D632AFC837C0028A5B7 /* ColorPalette.swift in Sources */,
				77EBA4702AF8FDF30032B86B /* SceneDelegate.swift in Sources */,
				77A16D5F2AFC80050028A5B7 /* Rectangle.swift in Sources */,
				77AB2B492AF9CA6400BB16A2 /* ShapeView.swift in Sources */,
				779B4ACF2AFBAEF500CAC3B8 /* BoardViewModel.swift in Sources */,
			);
			runOnlyForDeploymentPostprocessing = 0;
		};
		77EBA47C2AF8FDF40032B86B /* Sources */ = {
			isa = PBXSourcesBuildPhase;
			buildActionMask = 2147483647;
			files = (
				77A16D652AFC8E070028A5B7 /* Rectangle.swift in Sources */,
				77EBA4852AF8FDF40032B86B /* SwiftDrawingAppTests.swift in Sources */,
				779B4AD22AFC653700CAC3B8 /* RectangleTests.swift in Sources */,
			);
			runOnlyForDeploymentPostprocessing = 0;
		};
		77EBA4862AF8FDF40032B86B /* Sources */ = {
			isa = PBXSourcesBuildPhase;
			buildActionMask = 2147483647;
			files = (
				77EBA48F2AF8FDF40032B86B /* SwiftDrawingAppUITests.swift in Sources */,
				77EBA4912AF8FDF40032B86B /* SwiftDrawingAppUITestsLaunchTests.swift in Sources */,
			);
			runOnlyForDeploymentPostprocessing = 0;
		};
/* End PBXSourcesBuildPhase section */

/* Begin PBXTargetDependency section */
		77EBA4822AF8FDF40032B86B /* PBXTargetDependency */ = {
			isa = PBXTargetDependency;
			target = 77EBA4692AF8FDF30032B86B /* SwiftDrawingApp */;
			targetProxy = 77EBA4812AF8FDF40032B86B /* PBXContainerItemProxy */;
		};
		77EBA48C2AF8FDF40032B86B /* PBXTargetDependency */ = {
			isa = PBXTargetDependency;
			target = 77EBA4692AF8FDF30032B86B /* SwiftDrawingApp */;
			targetProxy = 77EBA48B2AF8FDF40032B86B /* PBXContainerItemProxy */;
		};
/* End PBXTargetDependency section */

/* Begin PBXVariantGroup section */
		77EBA4782AF8FDF30032B86B /* LaunchScreen.storyboard */ = {
			isa = PBXVariantGroup;
			children = (
				77EBA4792AF8FDF30032B86B /* Base */,
			);
			name = LaunchScreen.storyboard;
			sourceTree = "<group>";
		};
/* End PBXVariantGroup section */

/* Begin XCBuildConfiguration section */
		77EBA4922AF8FDF40032B86B /* Debug */ = {
			isa = XCBuildConfiguration;
			buildSettings = {
				ALWAYS_SEARCH_USER_PATHS = NO;
				ASSETCATALOG_COMPILER_GENERATE_SWIFT_ASSET_SYMBOL_EXTENSIONS = YES;
				CLANG_ANALYZER_NONNULL = YES;
				CLANG_ANALYZER_NUMBER_OBJECT_CONVERSION = YES_AGGRESSIVE;
				CLANG_CXX_LANGUAGE_STANDARD = "gnu++20";
				CLANG_ENABLE_MODULES = YES;
				CLANG_ENABLE_OBJC_ARC = YES;
				CLANG_ENABLE_OBJC_WEAK = YES;
				CLANG_WARN_BLOCK_CAPTURE_AUTORELEASING = YES;
				CLANG_WARN_BOOL_CONVERSION = YES;
				CLANG_WARN_COMMA = YES;
				CLANG_WARN_CONSTANT_CONVERSION = YES;
				CLANG_WARN_DEPRECATED_OBJC_IMPLEMENTATIONS = YES;
				CLANG_WARN_DIRECT_OBJC_ISA_USAGE = YES_ERROR;
				CLANG_WARN_DOCUMENTATION_COMMENTS = YES;
				CLANG_WARN_EMPTY_BODY = YES;
				CLANG_WARN_ENUM_CONVERSION = YES;
				CLANG_WARN_INFINITE_RECURSION = YES;
				CLANG_WARN_INT_CONVERSION = YES;
				CLANG_WARN_NON_LITERAL_NULL_CONVERSION = YES;
				CLANG_WARN_OBJC_IMPLICIT_RETAIN_SELF = YES;
				CLANG_WARN_OBJC_LITERAL_CONVERSION = YES;
				CLANG_WARN_OBJC_ROOT_CLASS = YES_ERROR;
				CLANG_WARN_QUOTED_INCLUDE_IN_FRAMEWORK_HEADER = YES;
				CLANG_WARN_RANGE_LOOP_ANALYSIS = YES;
				CLANG_WARN_STRICT_PROTOTYPES = YES;
				CLANG_WARN_SUSPICIOUS_MOVE = YES;
				CLANG_WARN_UNGUARDED_AVAILABILITY = YES_AGGRESSIVE;
				CLANG_WARN_UNREACHABLE_CODE = YES;
				CLANG_WARN__DUPLICATE_METHOD_MATCH = YES;
				COPY_PHASE_STRIP = NO;
				DEBUG_INFORMATION_FORMAT = dwarf;
				ENABLE_STRICT_OBJC_MSGSEND = YES;
				ENABLE_TESTABILITY = YES;
				ENABLE_USER_SCRIPT_SANDBOXING = YES;
				GCC_C_LANGUAGE_STANDARD = gnu17;
				GCC_DYNAMIC_NO_PIC = NO;
				GCC_NO_COMMON_BLOCKS = YES;
				GCC_OPTIMIZATION_LEVEL = 0;
				GCC_PREPROCESSOR_DEFINITIONS = (
					"DEBUG=1",
					"$(inherited)",
				);
				GCC_WARN_64_TO_32_BIT_CONVERSION = YES;
				GCC_WARN_ABOUT_RETURN_TYPE = YES_ERROR;
				GCC_WARN_UNDECLARED_SELECTOR = YES;
				GCC_WARN_UNINITIALIZED_AUTOS = YES_AGGRESSIVE;
				GCC_WARN_UNUSED_FUNCTION = YES;
				GCC_WARN_UNUSED_VARIABLE = YES;
				IPHONEOS_DEPLOYMENT_TARGET = 17.0;
				LOCALIZATION_PREFERS_STRING_CATALOGS = YES;
				MTL_ENABLE_DEBUG_INFO = INCLUDE_SOURCE;
				MTL_FAST_MATH = YES;
				ONLY_ACTIVE_ARCH = YES;
				SDKROOT = iphoneos;
				SWIFT_ACTIVE_COMPILATION_CONDITIONS = "DEBUG $(inherited)";
				SWIFT_OPTIMIZATION_LEVEL = "-Onone";
			};
			name = Debug;
		};
		77EBA4932AF8FDF40032B86B /* Release */ = {
			isa = XCBuildConfiguration;
			buildSettings = {
				ALWAYS_SEARCH_USER_PATHS = NO;
				ASSETCATALOG_COMPILER_GENERATE_SWIFT_ASSET_SYMBOL_EXTENSIONS = YES;
				CLANG_ANALYZER_NONNULL = YES;
				CLANG_ANALYZER_NUMBER_OBJECT_CONVERSION = YES_AGGRESSIVE;
				CLANG_CXX_LANGUAGE_STANDARD = "gnu++20";
				CLANG_ENABLE_MODULES = YES;
				CLANG_ENABLE_OBJC_ARC = YES;
				CLANG_ENABLE_OBJC_WEAK = YES;
				CLANG_WARN_BLOCK_CAPTURE_AUTORELEASING = YES;
				CLANG_WARN_BOOL_CONVERSION = YES;
				CLANG_WARN_COMMA = YES;
				CLANG_WARN_CONSTANT_CONVERSION = YES;
				CLANG_WARN_DEPRECATED_OBJC_IMPLEMENTATIONS = YES;
				CLANG_WARN_DIRECT_OBJC_ISA_USAGE = YES_ERROR;
				CLANG_WARN_DOCUMENTATION_COMMENTS = YES;
				CLANG_WARN_EMPTY_BODY = YES;
				CLANG_WARN_ENUM_CONVERSION = YES;
				CLANG_WARN_INFINITE_RECURSION = YES;
				CLANG_WARN_INT_CONVERSION = YES;
				CLANG_WARN_NON_LITERAL_NULL_CONVERSION = YES;
				CLANG_WARN_OBJC_IMPLICIT_RETAIN_SELF = YES;
				CLANG_WARN_OBJC_LITERAL_CONVERSION = YES;
				CLANG_WARN_OBJC_ROOT_CLASS = YES_ERROR;
				CLANG_WARN_QUOTED_INCLUDE_IN_FRAMEWORK_HEADER = YES;
				CLANG_WARN_RANGE_LOOP_ANALYSIS = YES;
				CLANG_WARN_STRICT_PROTOTYPES = YES;
				CLANG_WARN_SUSPICIOUS_MOVE = YES;
				CLANG_WARN_UNGUARDED_AVAILABILITY = YES_AGGRESSIVE;
				CLANG_WARN_UNREACHABLE_CODE = YES;
				CLANG_WARN__DUPLICATE_METHOD_MATCH = YES;
				COPY_PHASE_STRIP = NO;
				DEBUG_INFORMATION_FORMAT = "dwarf-with-dsym";
				ENABLE_NS_ASSERTIONS = NO;
				ENABLE_STRICT_OBJC_MSGSEND = YES;
				ENABLE_USER_SCRIPT_SANDBOXING = YES;
				GCC_C_LANGUAGE_STANDARD = gnu17;
				GCC_NO_COMMON_BLOCKS = YES;
				GCC_WARN_64_TO_32_BIT_CONVERSION = YES;
				GCC_WARN_ABOUT_RETURN_TYPE = YES_ERROR;
				GCC_WARN_UNDECLARED_SELECTOR = YES;
				GCC_WARN_UNINITIALIZED_AUTOS = YES_AGGRESSIVE;
				GCC_WARN_UNUSED_FUNCTION = YES;
				GCC_WARN_UNUSED_VARIABLE = YES;
				IPHONEOS_DEPLOYMENT_TARGET = 17.0;
				LOCALIZATION_PREFERS_STRING_CATALOGS = YES;
				MTL_ENABLE_DEBUG_INFO = NO;
				MTL_FAST_MATH = YES;
				SDKROOT = iphoneos;
				SWIFT_COMPILATION_MODE = wholemodule;
				VALIDATE_PRODUCT = YES;
			};
			name = Release;
		};
		77EBA4952AF8FDF40032B86B /* Debug */ = {
			isa = XCBuildConfiguration;
			buildSettings = {
				ASSETCATALOG_COMPILER_APPICON_NAME = AppIcon;
				ASSETCATALOG_COMPILER_GLOBAL_ACCENT_COLOR_NAME = AccentColor;
				CODE_SIGN_STYLE = Automatic;
				CURRENT_PROJECT_VERSION = 1;
				DEVELOPMENT_TEAM = P6BU872S3X;
				GENERATE_INFOPLIST_FILE = YES;
				INFOPLIST_FILE = SwiftDrawingApp/Info.plist;
				INFOPLIST_KEY_UIApplicationSupportsIndirectInputEvents = YES;
				INFOPLIST_KEY_UILaunchStoryboardName = LaunchScreen;
				INFOPLIST_KEY_UISupportedInterfaceOrientations_iPad = "UIInterfaceOrientationPortrait UIInterfaceOrientationPortraitUpsideDown UIInterfaceOrientationLandscapeLeft UIInterfaceOrientationLandscapeRight";
				INFOPLIST_KEY_UISupportedInterfaceOrientations_iPhone = "UIInterfaceOrientationPortrait UIInterfaceOrientationLandscapeLeft UIInterfaceOrientationLandscapeRight";
				LD_RUNPATH_SEARCH_PATHS = (
					"$(inherited)",
					"@executable_path/Frameworks",
				);
				MARKETING_VERSION = 1.0;
				PRODUCT_BUNDLE_IDENTIFIER = com.song.SwiftDrawingApp;
				PRODUCT_NAME = "$(TARGET_NAME)";
				SWIFT_EMIT_LOC_STRINGS = YES;
				SWIFT_VERSION = 5.0;
				TARGETED_DEVICE_FAMILY = "1,2";
			};
			name = Debug;
		};
		77EBA4962AF8FDF40032B86B /* Release */ = {
			isa = XCBuildConfiguration;
			buildSettings = {
				ASSETCATALOG_COMPILER_APPICON_NAME = AppIcon;
				ASSETCATALOG_COMPILER_GLOBAL_ACCENT_COLOR_NAME = AccentColor;
				CODE_SIGN_STYLE = Automatic;
				CURRENT_PROJECT_VERSION = 1;
				DEVELOPMENT_TEAM = P6BU872S3X;
				GENERATE_INFOPLIST_FILE = YES;
				INFOPLIST_FILE = SwiftDrawingApp/Info.plist;
				INFOPLIST_KEY_UIApplicationSupportsIndirectInputEvents = YES;
				INFOPLIST_KEY_UILaunchStoryboardName = LaunchScreen;
				INFOPLIST_KEY_UISupportedInterfaceOrientations_iPad = "UIInterfaceOrientationPortrait UIInterfaceOrientationPortraitUpsideDown UIInterfaceOrientationLandscapeLeft UIInterfaceOrientationLandscapeRight";
				INFOPLIST_KEY_UISupportedInterfaceOrientations_iPhone = "UIInterfaceOrientationPortrait UIInterfaceOrientationLandscapeLeft UIInterfaceOrientationLandscapeRight";
				LD_RUNPATH_SEARCH_PATHS = (
					"$(inherited)",
					"@executable_path/Frameworks",
				);
				MARKETING_VERSION = 1.0;
				PRODUCT_BUNDLE_IDENTIFIER = com.song.SwiftDrawingApp;
				PRODUCT_NAME = "$(TARGET_NAME)";
				SWIFT_EMIT_LOC_STRINGS = YES;
				SWIFT_VERSION = 5.0;
				TARGETED_DEVICE_FAMILY = "1,2";
			};
			name = Release;
		};
		77EBA4982AF8FDF40032B86B /* Debug */ = {
			isa = XCBuildConfiguration;
			buildSettings = {
				ALWAYS_EMBED_SWIFT_STANDARD_LIBRARIES = YES;
				BUNDLE_LOADER = "$(TEST_HOST)";
				CODE_SIGN_STYLE = Automatic;
				CURRENT_PROJECT_VERSION = 1;
				DEVELOPMENT_TEAM = P6BU872S3X;
				GENERATE_INFOPLIST_FILE = YES;
				IPHONEOS_DEPLOYMENT_TARGET = 17.0;
				MARKETING_VERSION = 1.0;
				PRODUCT_BUNDLE_IDENTIFIER = com.song.SwiftDrawingAppTests;
				PRODUCT_NAME = "$(TARGET_NAME)";
				SWIFT_EMIT_LOC_STRINGS = NO;
				SWIFT_VERSION = 5.0;
				TARGETED_DEVICE_FAMILY = "1,2";
				TEST_HOST = "$(BUILT_PRODUCTS_DIR)/SwiftDrawingApp.app/$(BUNDLE_EXECUTABLE_FOLDER_PATH)/SwiftDrawingApp";
			};
			name = Debug;
		};
		77EBA4992AF8FDF40032B86B /* Release */ = {
			isa = XCBuildConfiguration;
			buildSettings = {
				ALWAYS_EMBED_SWIFT_STANDARD_LIBRARIES = YES;
				BUNDLE_LOADER = "$(TEST_HOST)";
				CODE_SIGN_STYLE = Automatic;
				CURRENT_PROJECT_VERSION = 1;
				DEVELOPMENT_TEAM = P6BU872S3X;
				GENERATE_INFOPLIST_FILE = YES;
				IPHONEOS_DEPLOYMENT_TARGET = 17.0;
				MARKETING_VERSION = 1.0;
				PRODUCT_BUNDLE_IDENTIFIER = com.song.SwiftDrawingAppTests;
				PRODUCT_NAME = "$(TARGET_NAME)";
				SWIFT_EMIT_LOC_STRINGS = NO;
				SWIFT_VERSION = 5.0;
				TARGETED_DEVICE_FAMILY = "1,2";
				TEST_HOST = "$(BUILT_PRODUCTS_DIR)/SwiftDrawingApp.app/$(BUNDLE_EXECUTABLE_FOLDER_PATH)/SwiftDrawingApp";
			};
			name = Release;
		};
		77EBA49B2AF8FDF40032B86B /* Debug */ = {
			isa = XCBuildConfiguration;
			buildSettings = {
				ALWAYS_EMBED_SWIFT_STANDARD_LIBRARIES = YES;
				CODE_SIGN_STYLE = Automatic;
				CURRENT_PROJECT_VERSION = 1;
				DEVELOPMENT_TEAM = P6BU872S3X;
				GENERATE_INFOPLIST_FILE = YES;
				MARKETING_VERSION = 1.0;
				PRODUCT_BUNDLE_IDENTIFIER = com.song.SwiftDrawingAppUITests;
				PRODUCT_NAME = "$(TARGET_NAME)";
				SWIFT_EMIT_LOC_STRINGS = NO;
				SWIFT_VERSION = 5.0;
				TARGETED_DEVICE_FAMILY = "1,2";
				TEST_TARGET_NAME = SwiftDrawingApp;
			};
			name = Debug;
		};
		77EBA49C2AF8FDF40032B86B /* Release */ = {
			isa = XCBuildConfiguration;
			buildSettings = {
				ALWAYS_EMBED_SWIFT_STANDARD_LIBRARIES = YES;
				CODE_SIGN_STYLE = Automatic;
				CURRENT_PROJECT_VERSION = 1;
				DEVELOPMENT_TEAM = P6BU872S3X;
				GENERATE_INFOPLIST_FILE = YES;
				MARKETING_VERSION = 1.0;
				PRODUCT_BUNDLE_IDENTIFIER = com.song.SwiftDrawingAppUITests;
				PRODUCT_NAME = "$(TARGET_NAME)";
				SWIFT_EMIT_LOC_STRINGS = NO;
				SWIFT_VERSION = 5.0;
				TARGETED_DEVICE_FAMILY = "1,2";
				TEST_TARGET_NAME = SwiftDrawingApp;
			};
			name = Release;
		};
/* End XCBuildConfiguration section */

/* Begin XCConfigurationList section */
		77EBA4652AF8FDF30032B86B /* Build configuration list for PBXProject "SwiftDrawingApp" */ = {
			isa = XCConfigurationList;
			buildConfigurations = (
				77EBA4922AF8FDF40032B86B /* Debug */,
				77EBA4932AF8FDF40032B86B /* Release */,
			);
			defaultConfigurationIsVisible = 0;
			defaultConfigurationName = Release;
		};
		77EBA4942AF8FDF40032B86B /* Build configuration list for PBXNativeTarget "SwiftDrawingApp" */ = {
			isa = XCConfigurationList;
			buildConfigurations = (
				77EBA4952AF8FDF40032B86B /* Debug */,
				77EBA4962AF8FDF40032B86B /* Release */,
			);
			defaultConfigurationIsVisible = 0;
			defaultConfigurationName = Release;
		};
		77EBA4972AF8FDF40032B86B /* Build configuration list for PBXNativeTarget "SwiftDrawingAppTests" */ = {
			isa = XCConfigurationList;
			buildConfigurations = (
				77EBA4982AF8FDF40032B86B /* Debug */,
				77EBA4992AF8FDF40032B86B /* Release */,
			);
			defaultConfigurationIsVisible = 0;
			defaultConfigurationName = Release;
		};
		77EBA49A2AF8FDF40032B86B /* Build configuration list for PBXNativeTarget "SwiftDrawingAppUITests" */ = {
			isa = XCConfigurationList;
			buildConfigurations = (
				77EBA49B2AF8FDF40032B86B /* Debug */,
				77EBA49C2AF8FDF40032B86B /* Release */,
			);
			defaultConfigurationIsVisible = 0;
			defaultConfigurationName = Release;
		};
/* End XCConfigurationList section */
	};
	rootObject = 77EBA4622AF8FDF30032B86B /* Project object */;
}
